{
  "object": {
    "pins": [
      {
        "package": "Socket",
        "repositoryURL": "https://github.com/IBM-Swift/BlueSocket.git",
        "state": {
          "branch": null,
          "revision": "ccc671b022bc60e5fffcb2aa15f499c6331bfd18",
          "version": "1.0.46"
        }
      },
      {
        "package": "SSLService",
        "repositoryURL": "https://github.com/IBM-Swift/BlueSSLService.git",
        "state": {
          "branch": null,
          "revision": "0127cd4156bb0ba702894f2509199e4b65ca1db5",
          "version": "1.0.46"
        }
      },
      {
        "package": "Kitura",
        "repositoryURL": "https://github.com/IBM-Swift/Kitura",
        "state": {
          "branch": null,
          "revision": "4549a699d11f7bd5634ca2e7753ca75c596140db",
          "version": "2.6.3"
        }
      },
      {
        "package": "Kitura-net",
        "repositoryURL": "https://github.com/IBM-Swift/Kitura-net.git",
        "state": {
          "branch": null,
          "revision": "e050157e974fd5354b01f6bd5892cabcaca637bc",
          "version": "2.2.1"
        }
      },
      {
        "package": "Kitura-TemplateEngine",
        "repositoryURL": "https://github.com/IBM-Swift/Kitura-TemplateEngine.git",
        "state": {
          "branch": null,
          "revision": "d62d74bca48c6fb76f9fc1f48eeb2d7af415e80b",
          "version": "2.0.1"
        }
      },
      {
        "package": "KituraContracts",
        "repositoryURL": "https://github.com/IBM-Swift/KituraContracts.git",
        "state": {
          "branch": null,
          "revision": "4f8237d6fe2cc1593761660dc4d0ab2c516d73eb",
          "version": "1.1.2"
        }
      },
      {
        "package": "LoggerAPI",
        "repositoryURL": "https://github.com/IBM-Swift/LoggerAPI.git",
        "state": {
          "branch": null,
          "revision": "e29073bb7cecf3673e56bcb16180e8fd0cb091f6",
          "version": "1.8.1"
        }
      },
      {
        "package": "MongoSwift",
        "repositoryURL": "https://github.com/mongodb/mongo-swift-driver",
        "state": {
          "branch": null,
          "revision": "54bf5bfd8d347160e78e59ef00715400181478dc",
          "version": "0.1.0"
        }
      },
      {
        "package": "Nimble",
        "repositoryURL": "https://github.com/Quick/Nimble.git",
        "state": {
          "branch": null,
          "revision": "43304bf2b1579fd555f2fdd51742771c1e4f2b98",
          "version": "8.0.1"
        }
      },
      {
        "package": "bson",
        "repositoryURL": "https://github.com/mongodb/swift-bson",
        "state": {
          "branch": null,
          "revision": "40f770ed265bb9958edbcd0c809a3c2afe75a3ba",
          "version": "2.1.0"
        }
      },
      {
        "package": "mongoc",
        "repositoryURL": "https://github.com/mongodb/swift-mongoc",
        "state": {
          "branch": null,
          "revision": "e503b50210dae2cf0220474c2f12087830150e9f",
          "version": "2.0.0"
        }
      },
      {
        "package": "TypeDecoder",
        "repositoryURL": "https://github.com/IBM-Swift/TypeDecoder.git",
        "state": {
          "branch": null,
          "revision": "39bb56b3b5c8ffb1b475c529fb1cfdb64e709a02",
          "version": "1.3.3"
        }
      }
    ]
  },
  "version": 1
}
