// !$*UTF8*$!
{
	archiveVersion = 1;
	classes = {
	};
	objectVersion = 46;
	objects = {

/* Begin PBXAggregateTarget section */
		MongoSwift::MongoSwiftPackageTests::ProductTarget /* MongoSwiftPackageTests */ = {
			isa = PBXAggregateTarget;
			buildConfigurationList = OBJ_258 /* Build configuration list for PBXAggregateTarget "MongoSwiftPackageTests" */;
			buildPhases = (
			);
			dependencies = (
				OBJ_261 /* PBXTargetDependency */,
			);
			name = MongoSwiftPackageTests;
			productName = MongoSwiftPackageTests;
		};
		bson::bson::ProductTarget /* bson */ = {
			isa = PBXAggregateTarget;
			buildConfigurationList = OBJ_368 /* Build configuration list for PBXAggregateTarget "bson" */;
			buildPhases = (
			);
			dependencies = (
			);
			name = bson;
			productName = bson;
		};
		mongoc::mongoc::ProductTarget /* mongoc */ = {
			isa = PBXAggregateTarget;
			buildConfigurationList = OBJ_372 /* Build configuration list for PBXAggregateTarget "mongoc" */;
			buildPhases = (
			);
			dependencies = (
			);
			name = mongoc;
			productName = mongoc;
		};
/* End PBXAggregateTarget section */

/* Begin PBXBuildFile section */
		46276B360698EFCE55AE19CA /* change-streams in Resources */ = {isa = PBXBuildFile; fileRef = 768BF466AC6799EBCB5A4E50 /* change-streams */; };
		520E7341A460B970D5E53C69 /* initial-dns-seedlist-discovery in Resources */ = {isa = PBXBuildFile; fileRef = C2BFB09FE94B2B9C8E5D8794 /* initial-dns-seedlist-discovery */; };
		5224C5E475D94B6589BA9C21 /* crud in Resources */ = {isa = PBXBuildFile; fileRef = A7FF0821A15B693439E9ACCB /* crud */; };
		584BA6DD52D645C4A9314C10 /* retryable-writes in Resources */ = {isa = PBXBuildFile; fileRef = CF911E4DF480C3AA4D74857D /* retryable-writes */; };
		7A13D15177321D340D10E8A7 /* auth in Resources */ = {isa = PBXBuildFile; fileRef = 209ABFF39E0A26A1F8DC35F5 /* auth */; };
		A57FC25C9BB37183170CBF48 /* retryable-reads in Resources */ = {isa = PBXBuildFile; fileRef = F3A1BA3FC370CBEBF8C86FCD /* retryable-reads */; };
		D03E7964314932977A496583 /* bson-corpus in Resources */ = {isa = PBXBuildFile; fileRef = 9DEBF43AABBA55CE872F535B /* bson-corpus */; };
		DC528CAC9B869B54B9D06911 /* read-write-concern in Resources */ = {isa = PBXBuildFile; fileRef = 346EDE783C18619458E136CE /* read-write-concern */; };
		EDC5DEEA56B74BA77AA955AA /* command-monitoring in Resources */ = {isa = PBXBuildFile; fileRef = 43F7977AAEEA3F053154351A /* command-monitoring */; };
		OBJ_183 /* main.swift in Sources */ = {isa = PBXBuildFile; fileRef = OBJ_9 /* main.swift */; };
		OBJ_185 /* MongoSwift.framework in Frameworks */ = {isa = PBXBuildFile; fileRef = MongoSwift::MongoSwift::Product /* MongoSwift.framework */; };
		OBJ_192 /* APM.swift in Sources */ = {isa = PBXBuildFile; fileRef = OBJ_12 /* APM.swift */; };
		OBJ_193 /* BSON.swift in Sources */ = {isa = PBXBuildFile; fileRef = OBJ_14 /* BSON.swift */; };
		OBJ_194 /* BSONDecoder.swift in Sources */ = {isa = PBXBuildFile; fileRef = OBJ_15 /* BSONDecoder.swift */; };
		OBJ_195 /* BSONEncoder.swift in Sources */ = {isa = PBXBuildFile; fileRef = OBJ_16 /* BSONEncoder.swift */; };
		OBJ_196 /* BSONValue.swift in Sources */ = {isa = PBXBuildFile; fileRef = OBJ_17 /* BSONValue.swift */; };
		OBJ_197 /* CodableNumber.swift in Sources */ = {isa = PBXBuildFile; fileRef = OBJ_18 /* CodableNumber.swift */; };
		OBJ_198 /* CodingStrategies.swift in Sources */ = {isa = PBXBuildFile; fileRef = OBJ_19 /* CodingStrategies.swift */; };
		OBJ_199 /* Document+Codable.swift in Sources */ = {isa = PBXBuildFile; fileRef = OBJ_20 /* Document+Codable.swift */; };
		OBJ_200 /* Document+Collection.swift in Sources */ = {isa = PBXBuildFile; fileRef = OBJ_21 /* Document+Collection.swift */; };
		OBJ_201 /* Document+Sequence.swift in Sources */ = {isa = PBXBuildFile; fileRef = OBJ_22 /* Document+Sequence.swift */; };
		OBJ_202 /* Document.swift in Sources */ = {isa = PBXBuildFile; fileRef = OBJ_23 /* Document.swift */; };
		OBJ_203 /* DocumentIterator.swift in Sources */ = {isa = PBXBuildFile; fileRef = OBJ_24 /* DocumentIterator.swift */; };
		OBJ_204 /* Overwritable.swift in Sources */ = {isa = PBXBuildFile; fileRef = OBJ_25 /* Overwritable.swift */; };
		OBJ_205 /* ChangeStream.swift in Sources */ = {isa = PBXBuildFile; fileRef = OBJ_26 /* ChangeStream.swift */; };
		OBJ_206 /* ChangeStreamDocument.swift in Sources */ = {isa = PBXBuildFile; fileRef = OBJ_27 /* ChangeStreamDocument.swift */; };
		OBJ_207 /* ChangeStreamOptions.swift in Sources */ = {isa = PBXBuildFile; fileRef = OBJ_28 /* ChangeStreamOptions.swift */; };
		OBJ_208 /* ClientSession.swift in Sources */ = {isa = PBXBuildFile; fileRef = OBJ_29 /* ClientSession.swift */; };
		OBJ_209 /* ConnectionPool.swift in Sources */ = {isa = PBXBuildFile; fileRef = OBJ_30 /* ConnectionPool.swift */; };
		OBJ_210 /* ConnectionString.swift in Sources */ = {isa = PBXBuildFile; fileRef = OBJ_31 /* ConnectionString.swift */; };
		OBJ_211 /* Counter.swift in Sources */ = {isa = PBXBuildFile; fileRef = OBJ_32 /* Counter.swift */; };
		OBJ_212 /* Hint.swift in Sources */ = {isa = PBXBuildFile; fileRef = OBJ_33 /* Hint.swift */; };
		OBJ_213 /* MongoClient.swift in Sources */ = {isa = PBXBuildFile; fileRef = OBJ_34 /* MongoClient.swift */; };
		OBJ_214 /* MongoCollection+BulkWrite.swift in Sources */ = {isa = PBXBuildFile; fileRef = OBJ_35 /* MongoCollection+BulkWrite.swift */; };
		OBJ_215 /* MongoCollection+ChangeStreams.swift in Sources */ = {isa = PBXBuildFile; fileRef = OBJ_36 /* MongoCollection+ChangeStreams.swift */; };
		OBJ_216 /* MongoCollection+FindAndModify.swift in Sources */ = {isa = PBXBuildFile; fileRef = OBJ_37 /* MongoCollection+FindAndModify.swift */; };
		OBJ_217 /* MongoCollection+Indexes.swift in Sources */ = {isa = PBXBuildFile; fileRef = OBJ_38 /* MongoCollection+Indexes.swift */; };
		OBJ_218 /* MongoCollection+Read.swift in Sources */ = {isa = PBXBuildFile; fileRef = OBJ_39 /* MongoCollection+Read.swift */; };
		OBJ_219 /* MongoCollection+Write.swift in Sources */ = {isa = PBXBuildFile; fileRef = OBJ_40 /* MongoCollection+Write.swift */; };
		OBJ_220 /* MongoCollection.swift in Sources */ = {isa = PBXBuildFile; fileRef = OBJ_41 /* MongoCollection.swift */; };
		OBJ_221 /* MongoCursor.swift in Sources */ = {isa = PBXBuildFile; fileRef = OBJ_42 /* MongoCursor.swift */; };
		OBJ_222 /* MongoDatabase.swift in Sources */ = {isa = PBXBuildFile; fileRef = OBJ_43 /* MongoDatabase.swift */; };
		OBJ_223 /* MongoError.swift in Sources */ = {isa = PBXBuildFile; fileRef = OBJ_44 /* MongoError.swift */; };
		OBJ_224 /* MongoNamespace.swift in Sources */ = {isa = PBXBuildFile; fileRef = OBJ_45 /* MongoNamespace.swift */; };
		OBJ_225 /* MongoSwift.swift in Sources */ = {isa = PBXBuildFile; fileRef = OBJ_46 /* MongoSwift.swift */; };
		OBJ_226 /* MongoSwiftVersion.swift in Sources */ = {isa = PBXBuildFile; fileRef = OBJ_47 /* MongoSwiftVersion.swift */; };
		OBJ_227 /* AggregateOperation.swift in Sources */ = {isa = PBXBuildFile; fileRef = OBJ_49 /* AggregateOperation.swift */; };
		OBJ_228 /* CountDocumentsOperation.swift in Sources */ = {isa = PBXBuildFile; fileRef = OBJ_50 /* CountDocumentsOperation.swift */; };
		OBJ_229 /* CreateCollectionOperation.swift in Sources */ = {isa = PBXBuildFile; fileRef = OBJ_51 /* CreateCollectionOperation.swift */; };
		OBJ_230 /* CreateIndexesOperation.swift in Sources */ = {isa = PBXBuildFile; fileRef = OBJ_52 /* CreateIndexesOperation.swift */; };
		OBJ_231 /* DistinctOperation.swift in Sources */ = {isa = PBXBuildFile; fileRef = OBJ_53 /* DistinctOperation.swift */; };
		OBJ_232 /* DropCollectionOperation.swift in Sources */ = {isa = PBXBuildFile; fileRef = OBJ_54 /* DropCollectionOperation.swift */; };
		OBJ_233 /* DropDatabaseOperation.swift in Sources */ = {isa = PBXBuildFile; fileRef = OBJ_55 /* DropDatabaseOperation.swift */; };
		OBJ_234 /* DropIndexesOperation.swift in Sources */ = {isa = PBXBuildFile; fileRef = OBJ_56 /* DropIndexesOperation.swift */; };
		OBJ_235 /* EstimatedDocumentCountOperation.swift in Sources */ = {isa = PBXBuildFile; fileRef = OBJ_57 /* EstimatedDocumentCountOperation.swift */; };
		OBJ_236 /* FindAndModifyOperation.swift in Sources */ = {isa = PBXBuildFile; fileRef = OBJ_58 /* FindAndModifyOperation.swift */; };
		OBJ_237 /* FindOperation.swift in Sources */ = {isa = PBXBuildFile; fileRef = OBJ_59 /* FindOperation.swift */; };
		OBJ_238 /* ListCollectionsOperation.swift in Sources */ = {isa = PBXBuildFile; fileRef = OBJ_60 /* ListCollectionsOperation.swift */; };
		OBJ_239 /* ListDatabasesOperation.swift in Sources */ = {isa = PBXBuildFile; fileRef = OBJ_61 /* ListDatabasesOperation.swift */; };
		OBJ_240 /* ListIndexesOperation.swift in Sources */ = {isa = PBXBuildFile; fileRef = OBJ_62 /* ListIndexesOperation.swift */; };
		OBJ_241 /* NextOperation.swift in Sources */ = {isa = PBXBuildFile; fileRef = OBJ_63 /* NextOperation.swift */; };
		OBJ_242 /* Operation.swift in Sources */ = {isa = PBXBuildFile; fileRef = OBJ_64 /* Operation.swift */; };
		OBJ_243 /* RunCommandOperation.swift in Sources */ = {isa = PBXBuildFile; fileRef = OBJ_65 /* RunCommandOperation.swift */; };
		OBJ_244 /* StartSessionOperation.swift in Sources */ = {isa = PBXBuildFile; fileRef = OBJ_66 /* StartSessionOperation.swift */; };
		OBJ_245 /* WatchOperation.swift in Sources */ = {isa = PBXBuildFile; fileRef = OBJ_67 /* WatchOperation.swift */; };
		OBJ_246 /* ReadConcern.swift in Sources */ = {isa = PBXBuildFile; fileRef = OBJ_68 /* ReadConcern.swift */; };
		OBJ_247 /* ReadPreference.swift in Sources */ = {isa = PBXBuildFile; fileRef = OBJ_69 /* ReadPreference.swift */; };
		OBJ_248 /* SDAM.swift in Sources */ = {isa = PBXBuildFile; fileRef = OBJ_70 /* SDAM.swift */; };
		OBJ_249 /* WriteConcern.swift in Sources */ = {isa = PBXBuildFile; fileRef = OBJ_71 /* WriteConcern.swift */; };
		OBJ_256 /* Package.swift in Sources */ = {isa = PBXBuildFile; fileRef = OBJ_6 /* Package.swift */; };
		OBJ_267 /* AuthTests.swift in Sources */ = {isa = PBXBuildFile; fileRef = OBJ_74 /* AuthTests.swift */; };
		OBJ_268 /* BSONCorpusTests.swift in Sources */ = {isa = PBXBuildFile; fileRef = OBJ_75 /* BSONCorpusTests.swift */; };
		OBJ_269 /* BSONValueTests.swift in Sources */ = {isa = PBXBuildFile; fileRef = OBJ_76 /* BSONValueTests.swift */; };
		OBJ_270 /* ChangeStreamTests.swift in Sources */ = {isa = PBXBuildFile; fileRef = OBJ_77 /* ChangeStreamTests.swift */; };
		OBJ_271 /* ClientSessionTests.swift in Sources */ = {isa = PBXBuildFile; fileRef = OBJ_78 /* ClientSessionTests.swift */; };
		OBJ_272 /* CodecTests.swift in Sources */ = {isa = PBXBuildFile; fileRef = OBJ_79 /* CodecTests.swift */; };
		OBJ_273 /* CommandMonitoringTests.swift in Sources */ = {isa = PBXBuildFile; fileRef = OBJ_80 /* CommandMonitoringTests.swift */; };
		OBJ_274 /* CrudTests.swift in Sources */ = {isa = PBXBuildFile; fileRef = OBJ_81 /* CrudTests.swift */; };
		OBJ_275 /* DNSSeedlistTests.swift in Sources */ = {isa = PBXBuildFile; fileRef = OBJ_82 /* DNSSeedlistTests.swift */; };
		OBJ_276 /* Document+CollectionTests.swift in Sources */ = {isa = PBXBuildFile; fileRef = OBJ_83 /* Document+CollectionTests.swift */; };
		OBJ_277 /* Document+SequenceTests.swift in Sources */ = {isa = PBXBuildFile; fileRef = OBJ_84 /* Document+SequenceTests.swift */; };
		OBJ_278 /* DocumentTests.swift in Sources */ = {isa = PBXBuildFile; fileRef = OBJ_85 /* DocumentTests.swift */; };
		OBJ_279 /* MongoClientTests.swift in Sources */ = {isa = PBXBuildFile; fileRef = OBJ_86 /* MongoClientTests.swift */; };
		OBJ_280 /* MongoCollection+BulkWriteTests.swift in Sources */ = {isa = PBXBuildFile; fileRef = OBJ_87 /* MongoCollection+BulkWriteTests.swift */; };
		OBJ_281 /* MongoCollection+IndexTests.swift in Sources */ = {isa = PBXBuildFile; fileRef = OBJ_88 /* MongoCollection+IndexTests.swift */; };
		OBJ_282 /* MongoCollectionTests.swift in Sources */ = {isa = PBXBuildFile; fileRef = OBJ_89 /* MongoCollectionTests.swift */; };
		OBJ_283 /* MongoCursorTests.swift in Sources */ = {isa = PBXBuildFile; fileRef = OBJ_90 /* MongoCursorTests.swift */; };
		OBJ_284 /* MongoDatabaseTests.swift in Sources */ = {isa = PBXBuildFile; fileRef = OBJ_91 /* MongoDatabaseTests.swift */; };
		OBJ_285 /* MongoError+Equatable.swift in Sources */ = {isa = PBXBuildFile; fileRef = OBJ_92 /* MongoError+Equatable.swift */; };
		OBJ_286 /* OptionsTests.swift in Sources */ = {isa = PBXBuildFile; fileRef = OBJ_93 /* OptionsTests.swift */; };
		OBJ_287 /* ReadPreferenceTests.swift in Sources */ = {isa = PBXBuildFile; fileRef = OBJ_94 /* ReadPreferenceTests.swift */; };
		OBJ_288 /* ReadWriteConcernTests.swift in Sources */ = {isa = PBXBuildFile; fileRef = OBJ_95 /* ReadWriteConcernTests.swift */; };
		OBJ_289 /* RetryableReadsTests.swift in Sources */ = {isa = PBXBuildFile; fileRef = OBJ_96 /* RetryableReadsTests.swift */; };
		OBJ_290 /* RetryableWritesTests.swift in Sources */ = {isa = PBXBuildFile; fileRef = OBJ_97 /* RetryableWritesTests.swift */; };
		OBJ_291 /* SDAMMonitoringTests.swift in Sources */ = {isa = PBXBuildFile; fileRef = OBJ_98 /* SDAMMonitoringTests.swift */; };
		OBJ_292 /* Match.swift in Sources */ = {isa = PBXBuildFile; fileRef = OBJ_100 /* Match.swift */; };
		OBJ_293 /* SpecTest.swift in Sources */ = {isa = PBXBuildFile; fileRef = OBJ_101 /* SpecTest.swift */; };
		OBJ_294 /* SpecTestUtils.swift in Sources */ = {isa = PBXBuildFile; fileRef = OBJ_102 /* SpecTestUtils.swift */; };
		OBJ_295 /* TestOperation.swift in Sources */ = {isa = PBXBuildFile; fileRef = OBJ_103 /* TestOperation.swift */; };
		OBJ_296 /* TestOperationResult.swift in Sources */ = {isa = PBXBuildFile; fileRef = OBJ_104 /* TestOperationResult.swift */; };
		OBJ_297 /* TestUtils.swift in Sources */ = {isa = PBXBuildFile; fileRef = OBJ_105 /* TestUtils.swift */; };
		OBJ_299 /* Nimble.framework in Frameworks */ = {isa = PBXBuildFile; fileRef = Nimble::Nimble::Product /* Nimble.framework */; };
		OBJ_300 /* MongoSwift.framework in Frameworks */ = {isa = PBXBuildFile; fileRef = MongoSwift::MongoSwift::Product /* MongoSwift.framework */; };
		OBJ_308 /* AdapterProtocols.swift in Sources */ = {isa = PBXBuildFile; fileRef = OBJ_110 /* AdapterProtocols.swift */; };
		OBJ_309 /* AssertionDispatcher.swift in Sources */ = {isa = PBXBuildFile; fileRef = OBJ_111 /* AssertionDispatcher.swift */; };
		OBJ_310 /* AssertionRecorder.swift in Sources */ = {isa = PBXBuildFile; fileRef = OBJ_112 /* AssertionRecorder.swift */; };
		OBJ_311 /* NMBExpectation.swift in Sources */ = {isa = PBXBuildFile; fileRef = OBJ_113 /* NMBExpectation.swift */; };
		OBJ_312 /* NMBObjCMatcher.swift in Sources */ = {isa = PBXBuildFile; fileRef = OBJ_114 /* NMBObjCMatcher.swift */; };
		OBJ_313 /* NimbleEnvironment.swift in Sources */ = {isa = PBXBuildFile; fileRef = OBJ_115 /* NimbleEnvironment.swift */; };
		OBJ_314 /* NimbleXCTestHandler.swift in Sources */ = {isa = PBXBuildFile; fileRef = OBJ_116 /* NimbleXCTestHandler.swift */; };
		OBJ_315 /* ExceptionCapture.swift in Sources */ = {isa = PBXBuildFile; fileRef = OBJ_118 /* ExceptionCapture.swift */; };
		OBJ_316 /* DSL+Wait.swift in Sources */ = {isa = PBXBuildFile; fileRef = OBJ_119 /* DSL+Wait.swift */; };
		OBJ_317 /* DSL.swift in Sources */ = {isa = PBXBuildFile; fileRef = OBJ_120 /* DSL.swift */; };
		OBJ_318 /* Expectation.swift in Sources */ = {isa = PBXBuildFile; fileRef = OBJ_121 /* Expectation.swift */; };
		OBJ_319 /* ExpectationMessage.swift in Sources */ = {isa = PBXBuildFile; fileRef = OBJ_122 /* ExpectationMessage.swift */; };
		OBJ_320 /* Expression.swift in Sources */ = {isa = PBXBuildFile; fileRef = OBJ_123 /* Expression.swift */; };
		OBJ_321 /* FailureMessage.swift in Sources */ = {isa = PBXBuildFile; fileRef = OBJ_124 /* FailureMessage.swift */; };
		OBJ_322 /* AllPass.swift in Sources */ = {isa = PBXBuildFile; fileRef = OBJ_126 /* AllPass.swift */; };
		OBJ_323 /* Async.swift in Sources */ = {isa = PBXBuildFile; fileRef = OBJ_127 /* Async.swift */; };
		OBJ_324 /* BeAKindOf.swift in Sources */ = {isa = PBXBuildFile; fileRef = OBJ_128 /* BeAKindOf.swift */; };
		OBJ_325 /* BeAnInstanceOf.swift in Sources */ = {isa = PBXBuildFile; fileRef = OBJ_129 /* BeAnInstanceOf.swift */; };
		OBJ_326 /* BeCloseTo.swift in Sources */ = {isa = PBXBuildFile; fileRef = OBJ_130 /* BeCloseTo.swift */; };
		OBJ_327 /* BeEmpty.swift in Sources */ = {isa = PBXBuildFile; fileRef = OBJ_131 /* BeEmpty.swift */; };
		OBJ_328 /* BeGreaterThan.swift in Sources */ = {isa = PBXBuildFile; fileRef = OBJ_132 /* BeGreaterThan.swift */; };
		OBJ_329 /* BeGreaterThanOrEqualTo.swift in Sources */ = {isa = PBXBuildFile; fileRef = OBJ_133 /* BeGreaterThanOrEqualTo.swift */; };
		OBJ_330 /* BeIdenticalTo.swift in Sources */ = {isa = PBXBuildFile; fileRef = OBJ_134 /* BeIdenticalTo.swift */; };
		OBJ_331 /* BeLessThan.swift in Sources */ = {isa = PBXBuildFile; fileRef = OBJ_135 /* BeLessThan.swift */; };
		OBJ_332 /* BeLessThanOrEqual.swift in Sources */ = {isa = PBXBuildFile; fileRef = OBJ_136 /* BeLessThanOrEqual.swift */; };
		OBJ_333 /* BeLogical.swift in Sources */ = {isa = PBXBuildFile; fileRef = OBJ_137 /* BeLogical.swift */; };
		OBJ_334 /* BeNil.swift in Sources */ = {isa = PBXBuildFile; fileRef = OBJ_138 /* BeNil.swift */; };
		OBJ_335 /* BeVoid.swift in Sources */ = {isa = PBXBuildFile; fileRef = OBJ_139 /* BeVoid.swift */; };
		OBJ_336 /* BeginWith.swift in Sources */ = {isa = PBXBuildFile; fileRef = OBJ_140 /* BeginWith.swift */; };
		OBJ_337 /* Contain.swift in Sources */ = {isa = PBXBuildFile; fileRef = OBJ_141 /* Contain.swift */; };
		OBJ_338 /* ContainElementSatisfying.swift in Sources */ = {isa = PBXBuildFile; fileRef = OBJ_142 /* ContainElementSatisfying.swift */; };
		OBJ_339 /* ElementsEqual.swift in Sources */ = {isa = PBXBuildFile; fileRef = OBJ_143 /* ElementsEqual.swift */; };
		OBJ_340 /* EndWith.swift in Sources */ = {isa = PBXBuildFile; fileRef = OBJ_144 /* EndWith.swift */; };
		OBJ_341 /* Equal.swift in Sources */ = {isa = PBXBuildFile; fileRef = OBJ_145 /* Equal.swift */; };
		OBJ_342 /* HaveCount.swift in Sources */ = {isa = PBXBuildFile; fileRef = OBJ_146 /* HaveCount.swift */; };
		OBJ_343 /* Match.swift in Sources */ = {isa = PBXBuildFile; fileRef = OBJ_147 /* Match.swift */; };
		OBJ_344 /* MatchError.swift in Sources */ = {isa = PBXBuildFile; fileRef = OBJ_148 /* MatchError.swift */; };
		OBJ_345 /* MatcherFunc.swift in Sources */ = {isa = PBXBuildFile; fileRef = OBJ_149 /* MatcherFunc.swift */; };
		OBJ_346 /* MatcherProtocols.swift in Sources */ = {isa = PBXBuildFile; fileRef = OBJ_150 /* MatcherProtocols.swift */; };
		OBJ_347 /* PostNotification.swift in Sources */ = {isa = PBXBuildFile; fileRef = OBJ_151 /* PostNotification.swift */; };
		OBJ_348 /* Predicate.swift in Sources */ = {isa = PBXBuildFile; fileRef = OBJ_152 /* Predicate.swift */; };
		OBJ_349 /* RaisesException.swift in Sources */ = {isa = PBXBuildFile; fileRef = OBJ_153 /* RaisesException.swift */; };
		OBJ_350 /* SatisfyAllOf.swift in Sources */ = {isa = PBXBuildFile; fileRef = OBJ_154 /* SatisfyAllOf.swift */; };
		OBJ_351 /* SatisfyAnyOf.swift in Sources */ = {isa = PBXBuildFile; fileRef = OBJ_155 /* SatisfyAnyOf.swift */; };
		OBJ_352 /* ThrowAssertion.swift in Sources */ = {isa = PBXBuildFile; fileRef = OBJ_156 /* ThrowAssertion.swift */; };
		OBJ_353 /* ThrowError.swift in Sources */ = {isa = PBXBuildFile; fileRef = OBJ_157 /* ThrowError.swift */; };
		OBJ_354 /* ToSucceed.swift in Sources */ = {isa = PBXBuildFile; fileRef = OBJ_158 /* ToSucceed.swift */; };
		OBJ_355 /* Await.swift in Sources */ = {isa = PBXBuildFile; fileRef = OBJ_160 /* Await.swift */; };
		OBJ_356 /* Errors.swift in Sources */ = {isa = PBXBuildFile; fileRef = OBJ_161 /* Errors.swift */; };
		OBJ_357 /* Functional.swift in Sources */ = {isa = PBXBuildFile; fileRef = OBJ_162 /* Functional.swift */; };
		OBJ_358 /* SourceLocation.swift in Sources */ = {isa = PBXBuildFile; fileRef = OBJ_163 /* SourceLocation.swift */; };
		OBJ_359 /* Stringers.swift in Sources */ = {isa = PBXBuildFile; fileRef = OBJ_164 /* Stringers.swift */; };
		OBJ_366 /* Package.swift in Sources */ = {isa = PBXBuildFile; fileRef = OBJ_165 /* Package.swift */; };
/* End PBXBuildFile section */

/* Begin PBXFileReference section */
		209ABFF39E0A26A1F8DC35F5 /* auth */ = {isa = PBXFileReference; includeInIndex = 1; path = ./Tests/Specs/auth; sourceTree = SOURCE_ROOT; };
		346EDE783C18619458E136CE /* read-write-concern */ = {isa = PBXFileReference; includeInIndex = 1; path = "./Tests/Specs/read-write-concern"; sourceTree = SOURCE_ROOT; };
		43F7977AAEEA3F053154351A /* command-monitoring */ = {isa = PBXFileReference; includeInIndex = 1; path = "./Tests/Specs/command-monitoring"; sourceTree = SOURCE_ROOT; };
		768BF466AC6799EBCB5A4E50 /* change-streams */ = {isa = PBXFileReference; includeInIndex = 1; path = "./Tests/Specs/change-streams"; sourceTree = SOURCE_ROOT; };
		9DEBF43AABBA55CE872F535B /* bson-corpus */ = {isa = PBXFileReference; includeInIndex = 1; path = "./Tests/Specs/bson-corpus"; sourceTree = SOURCE_ROOT; };
		A7FF0821A15B693439E9ACCB /* crud */ = {isa = PBXFileReference; includeInIndex = 1; path = ./Tests/Specs/crud; sourceTree = SOURCE_ROOT; };
		C2BFB09FE94B2B9C8E5D8794 /* initial-dns-seedlist-discovery */ = {isa = PBXFileReference; includeInIndex = 1; path = "./Tests/Specs/initial-dns-seedlist-discovery"; sourceTree = SOURCE_ROOT; };
		CF911E4DF480C3AA4D74857D /* retryable-writes */ = {isa = PBXFileReference; includeInIndex = 1; path = "./Tests/Specs/retryable-writes"; sourceTree = SOURCE_ROOT; };
		F3A1BA3FC370CBEBF8C86FCD /* retryable-reads */ = {isa = PBXFileReference; includeInIndex = 1; path = "./Tests/Specs/retryable-reads"; sourceTree = SOURCE_ROOT; };
		MongoSwift::AtlasConnectivity::Product /* AtlasConnectivity */ = {isa = PBXFileReference; path = AtlasConnectivity; sourceTree = BUILT_PRODUCTS_DIR; };
		MongoSwift::MongoSwift::Product /* MongoSwift.framework */ = {isa = PBXFileReference; path = MongoSwift.framework; sourceTree = BUILT_PRODUCTS_DIR; };
		MongoSwift::MongoSwiftTests::Product /* MongoSwiftTests.xctest */ = {isa = PBXFileReference; path = MongoSwiftTests.xctest; sourceTree = BUILT_PRODUCTS_DIR; };
		Nimble::Nimble::Product /* Nimble.framework */ = {isa = PBXFileReference; path = Nimble.framework; sourceTree = BUILT_PRODUCTS_DIR; };
		OBJ_100 /* Match.swift */ = {isa = PBXFileReference; path = Match.swift; sourceTree = "<group>"; };
		OBJ_101 /* SpecTest.swift */ = {isa = PBXFileReference; path = SpecTest.swift; sourceTree = "<group>"; };
		OBJ_102 /* SpecTestUtils.swift */ = {isa = PBXFileReference; path = SpecTestUtils.swift; sourceTree = "<group>"; };
		OBJ_103 /* TestOperation.swift */ = {isa = PBXFileReference; path = TestOperation.swift; sourceTree = "<group>"; };
		OBJ_104 /* TestOperationResult.swift */ = {isa = PBXFileReference; path = TestOperationResult.swift; sourceTree = "<group>"; };
		OBJ_105 /* TestUtils.swift */ = {isa = PBXFileReference; path = TestUtils.swift; sourceTree = "<group>"; };
		OBJ_11 /* MongoSwiftVersion.stencil */ = {isa = PBXFileReference; path = MongoSwiftVersion.stencil; sourceTree = "<group>"; };
		OBJ_110 /* AdapterProtocols.swift */ = {isa = PBXFileReference; path = AdapterProtocols.swift; sourceTree = "<group>"; };
		OBJ_111 /* AssertionDispatcher.swift */ = {isa = PBXFileReference; path = AssertionDispatcher.swift; sourceTree = "<group>"; };
		OBJ_112 /* AssertionRecorder.swift */ = {isa = PBXFileReference; path = AssertionRecorder.swift; sourceTree = "<group>"; };
		OBJ_113 /* NMBExpectation.swift */ = {isa = PBXFileReference; path = NMBExpectation.swift; sourceTree = "<group>"; };
		OBJ_114 /* NMBObjCMatcher.swift */ = {isa = PBXFileReference; path = NMBObjCMatcher.swift; sourceTree = "<group>"; };
		OBJ_115 /* NimbleEnvironment.swift */ = {isa = PBXFileReference; path = NimbleEnvironment.swift; sourceTree = "<group>"; };
		OBJ_116 /* NimbleXCTestHandler.swift */ = {isa = PBXFileReference; path = NimbleXCTestHandler.swift; sourceTree = "<group>"; };
		OBJ_118 /* ExceptionCapture.swift */ = {isa = PBXFileReference; path = ExceptionCapture.swift; sourceTree = "<group>"; };
		OBJ_119 /* DSL+Wait.swift */ = {isa = PBXFileReference; path = "DSL+Wait.swift"; sourceTree = "<group>"; };
		OBJ_12 /* APM.swift */ = {isa = PBXFileReference; path = APM.swift; sourceTree = "<group>"; };
		OBJ_120 /* DSL.swift */ = {isa = PBXFileReference; path = DSL.swift; sourceTree = "<group>"; };
		OBJ_121 /* Expectation.swift */ = {isa = PBXFileReference; path = Expectation.swift; sourceTree = "<group>"; };
		OBJ_122 /* ExpectationMessage.swift */ = {isa = PBXFileReference; path = ExpectationMessage.swift; sourceTree = "<group>"; };
		OBJ_123 /* Expression.swift */ = {isa = PBXFileReference; path = Expression.swift; sourceTree = "<group>"; };
		OBJ_124 /* FailureMessage.swift */ = {isa = PBXFileReference; path = FailureMessage.swift; sourceTree = "<group>"; };
		OBJ_126 /* AllPass.swift */ = {isa = PBXFileReference; path = AllPass.swift; sourceTree = "<group>"; };
		OBJ_127 /* Async.swift */ = {isa = PBXFileReference; path = Async.swift; sourceTree = "<group>"; };
		OBJ_128 /* BeAKindOf.swift */ = {isa = PBXFileReference; path = BeAKindOf.swift; sourceTree = "<group>"; };
		OBJ_129 /* BeAnInstanceOf.swift */ = {isa = PBXFileReference; path = BeAnInstanceOf.swift; sourceTree = "<group>"; };
		OBJ_130 /* BeCloseTo.swift */ = {isa = PBXFileReference; path = BeCloseTo.swift; sourceTree = "<group>"; };
		OBJ_131 /* BeEmpty.swift */ = {isa = PBXFileReference; path = BeEmpty.swift; sourceTree = "<group>"; };
		OBJ_132 /* BeGreaterThan.swift */ = {isa = PBXFileReference; path = BeGreaterThan.swift; sourceTree = "<group>"; };
		OBJ_133 /* BeGreaterThanOrEqualTo.swift */ = {isa = PBXFileReference; path = BeGreaterThanOrEqualTo.swift; sourceTree = "<group>"; };
		OBJ_134 /* BeIdenticalTo.swift */ = {isa = PBXFileReference; path = BeIdenticalTo.swift; sourceTree = "<group>"; };
		OBJ_135 /* BeLessThan.swift */ = {isa = PBXFileReference; path = BeLessThan.swift; sourceTree = "<group>"; };
		OBJ_136 /* BeLessThanOrEqual.swift */ = {isa = PBXFileReference; path = BeLessThanOrEqual.swift; sourceTree = "<group>"; };
		OBJ_137 /* BeLogical.swift */ = {isa = PBXFileReference; path = BeLogical.swift; sourceTree = "<group>"; };
		OBJ_138 /* BeNil.swift */ = {isa = PBXFileReference; path = BeNil.swift; sourceTree = "<group>"; };
		OBJ_139 /* BeVoid.swift */ = {isa = PBXFileReference; path = BeVoid.swift; sourceTree = "<group>"; };
		OBJ_14 /* BSON.swift */ = {isa = PBXFileReference; path = BSON.swift; sourceTree = "<group>"; };
		OBJ_140 /* BeginWith.swift */ = {isa = PBXFileReference; path = BeginWith.swift; sourceTree = "<group>"; };
		OBJ_141 /* Contain.swift */ = {isa = PBXFileReference; path = Contain.swift; sourceTree = "<group>"; };
		OBJ_142 /* ContainElementSatisfying.swift */ = {isa = PBXFileReference; path = ContainElementSatisfying.swift; sourceTree = "<group>"; };
		OBJ_143 /* ElementsEqual.swift */ = {isa = PBXFileReference; path = ElementsEqual.swift; sourceTree = "<group>"; };
		OBJ_144 /* EndWith.swift */ = {isa = PBXFileReference; path = EndWith.swift; sourceTree = "<group>"; };
		OBJ_145 /* Equal.swift */ = {isa = PBXFileReference; path = Equal.swift; sourceTree = "<group>"; };
		OBJ_146 /* HaveCount.swift */ = {isa = PBXFileReference; path = HaveCount.swift; sourceTree = "<group>"; };
		OBJ_147 /* Match.swift */ = {isa = PBXFileReference; path = Match.swift; sourceTree = "<group>"; };
		OBJ_148 /* MatchError.swift */ = {isa = PBXFileReference; path = MatchError.swift; sourceTree = "<group>"; };
		OBJ_149 /* MatcherFunc.swift */ = {isa = PBXFileReference; path = MatcherFunc.swift; sourceTree = "<group>"; };
		OBJ_15 /* BSONDecoder.swift */ = {isa = PBXFileReference; path = BSONDecoder.swift; sourceTree = "<group>"; };
		OBJ_150 /* MatcherProtocols.swift */ = {isa = PBXFileReference; path = MatcherProtocols.swift; sourceTree = "<group>"; };
		OBJ_151 /* PostNotification.swift */ = {isa = PBXFileReference; path = PostNotification.swift; sourceTree = "<group>"; };
		OBJ_152 /* Predicate.swift */ = {isa = PBXFileReference; path = Predicate.swift; sourceTree = "<group>"; };
		OBJ_153 /* RaisesException.swift */ = {isa = PBXFileReference; path = RaisesException.swift; sourceTree = "<group>"; };
		OBJ_154 /* SatisfyAllOf.swift */ = {isa = PBXFileReference; path = SatisfyAllOf.swift; sourceTree = "<group>"; };
		OBJ_155 /* SatisfyAnyOf.swift */ = {isa = PBXFileReference; path = SatisfyAnyOf.swift; sourceTree = "<group>"; };
		OBJ_156 /* ThrowAssertion.swift */ = {isa = PBXFileReference; path = ThrowAssertion.swift; sourceTree = "<group>"; };
		OBJ_157 /* ThrowError.swift */ = {isa = PBXFileReference; path = ThrowError.swift; sourceTree = "<group>"; };
		OBJ_158 /* ToSucceed.swift */ = {isa = PBXFileReference; path = ToSucceed.swift; sourceTree = "<group>"; };
		OBJ_16 /* BSONEncoder.swift */ = {isa = PBXFileReference; path = BSONEncoder.swift; sourceTree = "<group>"; };
		OBJ_160 /* Await.swift */ = {isa = PBXFileReference; path = Await.swift; sourceTree = "<group>"; };
		OBJ_161 /* Errors.swift */ = {isa = PBXFileReference; path = Errors.swift; sourceTree = "<group>"; };
		OBJ_162 /* Functional.swift */ = {isa = PBXFileReference; path = Functional.swift; sourceTree = "<group>"; };
		OBJ_163 /* SourceLocation.swift */ = {isa = PBXFileReference; path = SourceLocation.swift; sourceTree = "<group>"; };
		OBJ_164 /* Stringers.swift */ = {isa = PBXFileReference; path = Stringers.swift; sourceTree = "<group>"; };
		OBJ_165 /* Package.swift */ = {isa = PBXFileReference; explicitFileType = sourcecode.swift; name = Package.swift; path = "/Users/ali.mir/Dev/mongodb/mongo-swift-driver/.build/checkouts/Nimble/Package.swift"; sourceTree = "<group>"; };
		OBJ_17 /* BSONValue.swift */ = {isa = PBXFileReference; path = BSONValue.swift; sourceTree = "<group>"; };
		OBJ_171 /* release */ = {isa = PBXFileReference; path = release; sourceTree = SOURCE_ROOT; };
		OBJ_172 /* docs */ = {isa = PBXFileReference; path = docs; sourceTree = SOURCE_ROOT; };
		OBJ_173 /* Guides */ = {isa = PBXFileReference; path = Guides; sourceTree = SOURCE_ROOT; };
		OBJ_174 /* Examples */ = {isa = PBXFileReference; path = Examples; sourceTree = SOURCE_ROOT; };
		OBJ_175 /* LICENSE */ = {isa = PBXFileReference; path = LICENSE; sourceTree = "<group>"; };
		OBJ_176 /* Makefile */ = {isa = PBXFileReference; path = Makefile; sourceTree = "<group>"; };
		OBJ_177 /* README.md */ = {isa = PBXFileReference; path = README.md; sourceTree = "<group>"; };
		OBJ_18 /* CodableNumber.swift */ = {isa = PBXFileReference; path = CodableNumber.swift; sourceTree = "<group>"; };
		OBJ_19 /* CodingStrategies.swift */ = {isa = PBXFileReference; path = CodingStrategies.swift; sourceTree = "<group>"; };
		OBJ_20 /* Document+Codable.swift */ = {isa = PBXFileReference; path = "Document+Codable.swift"; sourceTree = "<group>"; };
		OBJ_21 /* Document+Collection.swift */ = {isa = PBXFileReference; path = "Document+Collection.swift"; sourceTree = "<group>"; };
		OBJ_22 /* Document+Sequence.swift */ = {isa = PBXFileReference; path = "Document+Sequence.swift"; sourceTree = "<group>"; };
		OBJ_23 /* Document.swift */ = {isa = PBXFileReference; path = Document.swift; sourceTree = "<group>"; };
		OBJ_24 /* DocumentIterator.swift */ = {isa = PBXFileReference; path = DocumentIterator.swift; sourceTree = "<group>"; };
		OBJ_25 /* Overwritable.swift */ = {isa = PBXFileReference; path = Overwritable.swift; sourceTree = "<group>"; };
		OBJ_26 /* ChangeStream.swift */ = {isa = PBXFileReference; path = ChangeStream.swift; sourceTree = "<group>"; };
		OBJ_27 /* ChangeStreamDocument.swift */ = {isa = PBXFileReference; path = ChangeStreamDocument.swift; sourceTree = "<group>"; };
		OBJ_28 /* ChangeStreamOptions.swift */ = {isa = PBXFileReference; path = ChangeStreamOptions.swift; sourceTree = "<group>"; };
		OBJ_29 /* ClientSession.swift */ = {isa = PBXFileReference; path = ClientSession.swift; sourceTree = "<group>"; };
		OBJ_30 /* ConnectionPool.swift */ = {isa = PBXFileReference; path = ConnectionPool.swift; sourceTree = "<group>"; };
		OBJ_31 /* ConnectionString.swift */ = {isa = PBXFileReference; path = ConnectionString.swift; sourceTree = "<group>"; };
		OBJ_32 /* Counter.swift */ = {isa = PBXFileReference; path = Counter.swift; sourceTree = "<group>"; };
		OBJ_33 /* Hint.swift */ = {isa = PBXFileReference; path = Hint.swift; sourceTree = "<group>"; };
		OBJ_34 /* MongoClient.swift */ = {isa = PBXFileReference; path = MongoClient.swift; sourceTree = "<group>"; };
		OBJ_35 /* MongoCollection+BulkWrite.swift */ = {isa = PBXFileReference; path = "MongoCollection+BulkWrite.swift"; sourceTree = "<group>"; };
		OBJ_36 /* MongoCollection+ChangeStreams.swift */ = {isa = PBXFileReference; path = "MongoCollection+ChangeStreams.swift"; sourceTree = "<group>"; };
		OBJ_37 /* MongoCollection+FindAndModify.swift */ = {isa = PBXFileReference; path = "MongoCollection+FindAndModify.swift"; sourceTree = "<group>"; };
		OBJ_38 /* MongoCollection+Indexes.swift */ = {isa = PBXFileReference; path = "MongoCollection+Indexes.swift"; sourceTree = "<group>"; };
		OBJ_39 /* MongoCollection+Read.swift */ = {isa = PBXFileReference; path = "MongoCollection+Read.swift"; sourceTree = "<group>"; };
		OBJ_40 /* MongoCollection+Write.swift */ = {isa = PBXFileReference; path = "MongoCollection+Write.swift"; sourceTree = "<group>"; };
		OBJ_41 /* MongoCollection.swift */ = {isa = PBXFileReference; path = MongoCollection.swift; sourceTree = "<group>"; };
		OBJ_42 /* MongoCursor.swift */ = {isa = PBXFileReference; path = MongoCursor.swift; sourceTree = "<group>"; };
		OBJ_43 /* MongoDatabase.swift */ = {isa = PBXFileReference; path = MongoDatabase.swift; sourceTree = "<group>"; };
		OBJ_44 /* MongoError.swift */ = {isa = PBXFileReference; path = MongoError.swift; sourceTree = "<group>"; };
		OBJ_45 /* MongoNamespace.swift */ = {isa = PBXFileReference; path = MongoNamespace.swift; sourceTree = "<group>"; };
		OBJ_46 /* MongoSwift.swift */ = {isa = PBXFileReference; path = MongoSwift.swift; sourceTree = "<group>"; };
		OBJ_47 /* MongoSwiftVersion.swift */ = {isa = PBXFileReference; path = MongoSwiftVersion.swift; sourceTree = "<group>"; };
		OBJ_49 /* AggregateOperation.swift */ = {isa = PBXFileReference; path = AggregateOperation.swift; sourceTree = "<group>"; };
		OBJ_50 /* CountDocumentsOperation.swift */ = {isa = PBXFileReference; path = CountDocumentsOperation.swift; sourceTree = "<group>"; };
		OBJ_51 /* CreateCollectionOperation.swift */ = {isa = PBXFileReference; path = CreateCollectionOperation.swift; sourceTree = "<group>"; };
		OBJ_52 /* CreateIndexesOperation.swift */ = {isa = PBXFileReference; path = CreateIndexesOperation.swift; sourceTree = "<group>"; };
		OBJ_53 /* DistinctOperation.swift */ = {isa = PBXFileReference; path = DistinctOperation.swift; sourceTree = "<group>"; };
		OBJ_54 /* DropCollectionOperation.swift */ = {isa = PBXFileReference; path = DropCollectionOperation.swift; sourceTree = "<group>"; };
		OBJ_55 /* DropDatabaseOperation.swift */ = {isa = PBXFileReference; path = DropDatabaseOperation.swift; sourceTree = "<group>"; };
		OBJ_56 /* DropIndexesOperation.swift */ = {isa = PBXFileReference; path = DropIndexesOperation.swift; sourceTree = "<group>"; };
		OBJ_57 /* EstimatedDocumentCountOperation.swift */ = {isa = PBXFileReference; path = EstimatedDocumentCountOperation.swift; sourceTree = "<group>"; };
		OBJ_58 /* FindAndModifyOperation.swift */ = {isa = PBXFileReference; path = FindAndModifyOperation.swift; sourceTree = "<group>"; };
		OBJ_59 /* FindOperation.swift */ = {isa = PBXFileReference; path = FindOperation.swift; sourceTree = "<group>"; };
		OBJ_6 /* Package.swift */ = {isa = PBXFileReference; explicitFileType = sourcecode.swift; path = Package.swift; sourceTree = "<group>"; };
		OBJ_60 /* ListCollectionsOperation.swift */ = {isa = PBXFileReference; path = ListCollectionsOperation.swift; sourceTree = "<group>"; };
		OBJ_61 /* ListDatabasesOperation.swift */ = {isa = PBXFileReference; path = ListDatabasesOperation.swift; sourceTree = "<group>"; };
		OBJ_62 /* ListIndexesOperation.swift */ = {isa = PBXFileReference; path = ListIndexesOperation.swift; sourceTree = "<group>"; };
		OBJ_63 /* NextOperation.swift */ = {isa = PBXFileReference; path = NextOperation.swift; sourceTree = "<group>"; };
		OBJ_64 /* Operation.swift */ = {isa = PBXFileReference; path = Operation.swift; sourceTree = "<group>"; };
		OBJ_65 /* RunCommandOperation.swift */ = {isa = PBXFileReference; path = RunCommandOperation.swift; sourceTree = "<group>"; };
		OBJ_66 /* StartSessionOperation.swift */ = {isa = PBXFileReference; path = StartSessionOperation.swift; sourceTree = "<group>"; };
		OBJ_67 /* WatchOperation.swift */ = {isa = PBXFileReference; path = WatchOperation.swift; sourceTree = "<group>"; };
		OBJ_68 /* ReadConcern.swift */ = {isa = PBXFileReference; path = ReadConcern.swift; sourceTree = "<group>"; };
		OBJ_69 /* ReadPreference.swift */ = {isa = PBXFileReference; path = ReadPreference.swift; sourceTree = "<group>"; };
		OBJ_70 /* SDAM.swift */ = {isa = PBXFileReference; path = SDAM.swift; sourceTree = "<group>"; };
		OBJ_71 /* WriteConcern.swift */ = {isa = PBXFileReference; path = WriteConcern.swift; sourceTree = "<group>"; };
		OBJ_74 /* AuthTests.swift */ = {isa = PBXFileReference; path = AuthTests.swift; sourceTree = "<group>"; };
		OBJ_75 /* BSONCorpusTests.swift */ = {isa = PBXFileReference; path = BSONCorpusTests.swift; sourceTree = "<group>"; };
		OBJ_76 /* BSONValueTests.swift */ = {isa = PBXFileReference; path = BSONValueTests.swift; sourceTree = "<group>"; };
		OBJ_77 /* ChangeStreamTests.swift */ = {isa = PBXFileReference; path = ChangeStreamTests.swift; sourceTree = "<group>"; };
		OBJ_78 /* ClientSessionTests.swift */ = {isa = PBXFileReference; path = ClientSessionTests.swift; sourceTree = "<group>"; };
		OBJ_79 /* CodecTests.swift */ = {isa = PBXFileReference; path = CodecTests.swift; sourceTree = "<group>"; };
		OBJ_80 /* CommandMonitoringTests.swift */ = {isa = PBXFileReference; path = CommandMonitoringTests.swift; sourceTree = "<group>"; };
		OBJ_81 /* CrudTests.swift */ = {isa = PBXFileReference; path = CrudTests.swift; sourceTree = "<group>"; };
		OBJ_82 /* DNSSeedlistTests.swift */ = {isa = PBXFileReference; path = DNSSeedlistTests.swift; sourceTree = "<group>"; };
		OBJ_83 /* Document+CollectionTests.swift */ = {isa = PBXFileReference; path = "Document+CollectionTests.swift"; sourceTree = "<group>"; };
		OBJ_84 /* Document+SequenceTests.swift */ = {isa = PBXFileReference; path = "Document+SequenceTests.swift"; sourceTree = "<group>"; };
		OBJ_85 /* DocumentTests.swift */ = {isa = PBXFileReference; path = DocumentTests.swift; sourceTree = "<group>"; };
		OBJ_86 /* MongoClientTests.swift */ = {isa = PBXFileReference; path = MongoClientTests.swift; sourceTree = "<group>"; };
		OBJ_87 /* MongoCollection+BulkWriteTests.swift */ = {isa = PBXFileReference; path = "MongoCollection+BulkWriteTests.swift"; sourceTree = "<group>"; };
		OBJ_88 /* MongoCollection+IndexTests.swift */ = {isa = PBXFileReference; path = "MongoCollection+IndexTests.swift"; sourceTree = "<group>"; };
		OBJ_89 /* MongoCollectionTests.swift */ = {isa = PBXFileReference; path = MongoCollectionTests.swift; sourceTree = "<group>"; };
		OBJ_9 /* main.swift */ = {isa = PBXFileReference; path = main.swift; sourceTree = "<group>"; };
		OBJ_90 /* MongoCursorTests.swift */ = {isa = PBXFileReference; path = MongoCursorTests.swift; sourceTree = "<group>"; };
		OBJ_91 /* MongoDatabaseTests.swift */ = {isa = PBXFileReference; path = MongoDatabaseTests.swift; sourceTree = "<group>"; };
		OBJ_92 /* MongoError+Equatable.swift */ = {isa = PBXFileReference; path = "MongoError+Equatable.swift"; sourceTree = "<group>"; };
		OBJ_93 /* OptionsTests.swift */ = {isa = PBXFileReference; path = OptionsTests.swift; sourceTree = "<group>"; };
		OBJ_94 /* ReadPreferenceTests.swift */ = {isa = PBXFileReference; path = ReadPreferenceTests.swift; sourceTree = "<group>"; };
		OBJ_95 /* ReadWriteConcernTests.swift */ = {isa = PBXFileReference; path = ReadWriteConcernTests.swift; sourceTree = "<group>"; };
		OBJ_96 /* RetryableReadsTests.swift */ = {isa = PBXFileReference; path = RetryableReadsTests.swift; sourceTree = "<group>"; };
		OBJ_97 /* RetryableWritesTests.swift */ = {isa = PBXFileReference; path = RetryableWritesTests.swift; sourceTree = "<group>"; };
		OBJ_98 /* SDAMMonitoringTests.swift */ = {isa = PBXFileReference; path = SDAMMonitoringTests.swift; sourceTree = "<group>"; };
/* End PBXFileReference section */

/* Begin PBXFrameworksBuildPhase section */
		OBJ_184 /* Frameworks */ = {
			isa = PBXFrameworksBuildPhase;
			files = (
				OBJ_185 /* MongoSwift.framework in Frameworks */,
			);
		};
		OBJ_250 /* Frameworks */ = {
			isa = PBXFrameworksBuildPhase;
			files = (
			);
		};
		OBJ_298 /* Frameworks */ = {
			isa = PBXFrameworksBuildPhase;
			files = (
				OBJ_299 /* Nimble.framework in Frameworks */,
				OBJ_300 /* MongoSwift.framework in Frameworks */,
			);
		};
		OBJ_360 /* Frameworks */ = {
			isa = PBXFrameworksBuildPhase;
			files = (
			);
		};
/* End PBXFrameworksBuildPhase section */

/* Begin PBXGroup section */
		OBJ_10 /* MongoSwift */ = {
			isa = PBXGroup;
			children = (
				OBJ_11 /* MongoSwiftVersion.stencil */,
				OBJ_12 /* APM.swift */,
				OBJ_13 /* BSON */,
				OBJ_26 /* ChangeStream.swift */,
				OBJ_27 /* ChangeStreamDocument.swift */,
				OBJ_28 /* ChangeStreamOptions.swift */,
				OBJ_29 /* ClientSession.swift */,
				OBJ_30 /* ConnectionPool.swift */,
				OBJ_31 /* ConnectionString.swift */,
				OBJ_32 /* Counter.swift */,
				OBJ_33 /* Hint.swift */,
				OBJ_34 /* MongoClient.swift */,
				OBJ_35 /* MongoCollection+BulkWrite.swift */,
				OBJ_36 /* MongoCollection+ChangeStreams.swift */,
				OBJ_37 /* MongoCollection+FindAndModify.swift */,
				OBJ_38 /* MongoCollection+Indexes.swift */,
				OBJ_39 /* MongoCollection+Read.swift */,
				OBJ_40 /* MongoCollection+Write.swift */,
				OBJ_41 /* MongoCollection.swift */,
				OBJ_42 /* MongoCursor.swift */,
				OBJ_43 /* MongoDatabase.swift */,
				OBJ_44 /* MongoError.swift */,
				OBJ_45 /* MongoNamespace.swift */,
				OBJ_46 /* MongoSwift.swift */,
				OBJ_47 /* MongoSwiftVersion.swift */,
				OBJ_48 /* Operations */,
				OBJ_68 /* ReadConcern.swift */,
				OBJ_69 /* ReadPreference.swift */,
				OBJ_70 /* SDAM.swift */,
				OBJ_71 /* WriteConcern.swift */,
			);
			name = MongoSwift;
			path = Sources/MongoSwift;
			sourceTree = SOURCE_ROOT;
		};
		OBJ_106 /* Dependencies */ = {
			isa = PBXGroup;
			children = (
				OBJ_107 /* Nimble 8.0.2 */,
			);
			name = Dependencies;
			path = "";
			sourceTree = "<group>";
		};
		OBJ_107 /* Nimble 8.0.2 */ = {
			isa = PBXGroup;
			children = (
				OBJ_108 /* Nimble */,
				OBJ_165 /* Package.swift */,
			);
			name = "Nimble 8.0.2";
			path = "";
			sourceTree = SOURCE_ROOT;
		};
		OBJ_108 /* Nimble */ = {
			isa = PBXGroup;
			children = (
				OBJ_109 /* Adapters */,
				OBJ_119 /* DSL+Wait.swift */,
				OBJ_120 /* DSL.swift */,
				OBJ_121 /* Expectation.swift */,
				OBJ_122 /* ExpectationMessage.swift */,
				OBJ_123 /* Expression.swift */,
				OBJ_124 /* FailureMessage.swift */,
				OBJ_125 /* Matchers */,
				OBJ_159 /* Utils */,
			);
			name = Nimble;
			path = .build/checkouts/Nimble/Sources/Nimble;
			sourceTree = SOURCE_ROOT;
		};
		OBJ_109 /* Adapters */ = {
			isa = PBXGroup;
			children = (
				OBJ_110 /* AdapterProtocols.swift */,
				OBJ_111 /* AssertionDispatcher.swift */,
				OBJ_112 /* AssertionRecorder.swift */,
				OBJ_113 /* NMBExpectation.swift */,
				OBJ_114 /* NMBObjCMatcher.swift */,
				OBJ_115 /* NimbleEnvironment.swift */,
				OBJ_116 /* NimbleXCTestHandler.swift */,
				OBJ_117 /* NonObjectiveC */,
			);
			name = Adapters;
			path = Adapters;
			sourceTree = "<group>";
		};
		OBJ_117 /* NonObjectiveC */ = {
			isa = PBXGroup;
			children = (
				OBJ_118 /* ExceptionCapture.swift */,
			);
			name = NonObjectiveC;
			path = NonObjectiveC;
			sourceTree = "<group>";
		};
		OBJ_125 /* Matchers */ = {
			isa = PBXGroup;
			children = (
				OBJ_126 /* AllPass.swift */,
				OBJ_127 /* Async.swift */,
				OBJ_128 /* BeAKindOf.swift */,
				OBJ_129 /* BeAnInstanceOf.swift */,
				OBJ_130 /* BeCloseTo.swift */,
				OBJ_131 /* BeEmpty.swift */,
				OBJ_132 /* BeGreaterThan.swift */,
				OBJ_133 /* BeGreaterThanOrEqualTo.swift */,
				OBJ_134 /* BeIdenticalTo.swift */,
				OBJ_135 /* BeLessThan.swift */,
				OBJ_136 /* BeLessThanOrEqual.swift */,
				OBJ_137 /* BeLogical.swift */,
				OBJ_138 /* BeNil.swift */,
				OBJ_139 /* BeVoid.swift */,
				OBJ_140 /* BeginWith.swift */,
				OBJ_141 /* Contain.swift */,
				OBJ_142 /* ContainElementSatisfying.swift */,
				OBJ_143 /* ElementsEqual.swift */,
				OBJ_144 /* EndWith.swift */,
				OBJ_145 /* Equal.swift */,
				OBJ_146 /* HaveCount.swift */,
				OBJ_147 /* Match.swift */,
				OBJ_148 /* MatchError.swift */,
				OBJ_149 /* MatcherFunc.swift */,
				OBJ_150 /* MatcherProtocols.swift */,
				OBJ_151 /* PostNotification.swift */,
				OBJ_152 /* Predicate.swift */,
				OBJ_153 /* RaisesException.swift */,
				OBJ_154 /* SatisfyAllOf.swift */,
				OBJ_155 /* SatisfyAnyOf.swift */,
				OBJ_156 /* ThrowAssertion.swift */,
				OBJ_157 /* ThrowError.swift */,
				OBJ_158 /* ToSucceed.swift */,
			);
			name = Matchers;
			path = Matchers;
			sourceTree = "<group>";
		};
		OBJ_13 /* BSON */ = {
			isa = PBXGroup;
			children = (
				OBJ_14 /* BSON.swift */,
				OBJ_15 /* BSONDecoder.swift */,
				OBJ_16 /* BSONEncoder.swift */,
				OBJ_17 /* BSONValue.swift */,
				OBJ_18 /* CodableNumber.swift */,
				OBJ_19 /* CodingStrategies.swift */,
				OBJ_20 /* Document+Codable.swift */,
				OBJ_21 /* Document+Collection.swift */,
				OBJ_22 /* Document+Sequence.swift */,
				OBJ_23 /* Document.swift */,
				OBJ_24 /* DocumentIterator.swift */,
				OBJ_25 /* Overwritable.swift */,
			);
			name = BSON;
			path = BSON;
			sourceTree = "<group>";
		};
		OBJ_159 /* Utils */ = {
			isa = PBXGroup;
			children = (
				OBJ_160 /* Await.swift */,
				OBJ_161 /* Errors.swift */,
				OBJ_162 /* Functional.swift */,
				OBJ_163 /* SourceLocation.swift */,
				OBJ_164 /* Stringers.swift */,
			);
			name = Utils;
			path = Utils;
			sourceTree = "<group>";
		};
		OBJ_166 /* Products */ = {
			isa = PBXGroup;
			children = (
				MongoSwift::MongoSwiftTests::Product /* MongoSwiftTests.xctest */,
				Nimble::Nimble::Product /* Nimble.framework */,
				MongoSwift::AtlasConnectivity::Product /* AtlasConnectivity */,
				MongoSwift::MongoSwift::Product /* MongoSwift.framework */,
			);
			name = Products;
			path = "";
			sourceTree = BUILT_PRODUCTS_DIR;
		};
		OBJ_48 /* Operations */ = {
			isa = PBXGroup;
			children = (
				OBJ_49 /* AggregateOperation.swift */,
				OBJ_50 /* CountDocumentsOperation.swift */,
				OBJ_51 /* CreateCollectionOperation.swift */,
				OBJ_52 /* CreateIndexesOperation.swift */,
				OBJ_53 /* DistinctOperation.swift */,
				OBJ_54 /* DropCollectionOperation.swift */,
				OBJ_55 /* DropDatabaseOperation.swift */,
				OBJ_56 /* DropIndexesOperation.swift */,
				OBJ_57 /* EstimatedDocumentCountOperation.swift */,
				OBJ_58 /* FindAndModifyOperation.swift */,
				OBJ_59 /* FindOperation.swift */,
				OBJ_60 /* ListCollectionsOperation.swift */,
				OBJ_61 /* ListDatabasesOperation.swift */,
				OBJ_62 /* ListIndexesOperation.swift */,
				OBJ_63 /* NextOperation.swift */,
				OBJ_64 /* Operation.swift */,
				OBJ_65 /* RunCommandOperation.swift */,
				OBJ_66 /* StartSessionOperation.swift */,
				OBJ_67 /* WatchOperation.swift */,
			);
			name = Operations;
			path = Operations;
			sourceTree = "<group>";
		};
		OBJ_5 = {
			isa = PBXGroup;
			children = (
				OBJ_6 /* Package.swift */,
				OBJ_7 /* Sources */,
				OBJ_72 /* Tests */,
				OBJ_106 /* Dependencies */,
				OBJ_166 /* Products */,
				OBJ_171 /* release */,
				OBJ_172 /* docs */,
				OBJ_173 /* Guides */,
				OBJ_174 /* Examples */,
				OBJ_175 /* LICENSE */,
				OBJ_176 /* Makefile */,
				OBJ_177 /* README.md */,
			);
			path = "";
			sourceTree = "<group>";
		};
		OBJ_7 /* Sources */ = {
			isa = PBXGroup;
			children = (
				OBJ_8 /* AtlasConnectivity */,
				OBJ_10 /* MongoSwift */,
			);
			name = Sources;
			path = "";
			sourceTree = SOURCE_ROOT;
		};
		OBJ_72 /* Tests */ = {
			isa = PBXGroup;
			children = (
				OBJ_73 /* MongoSwiftTests */,
			);
			name = Tests;
			path = "";
			sourceTree = SOURCE_ROOT;
		};
		OBJ_73 /* MongoSwiftTests */ = {
			isa = PBXGroup;
			children = (
				OBJ_74 /* AuthTests.swift */,
				OBJ_75 /* BSONCorpusTests.swift */,
				OBJ_76 /* BSONValueTests.swift */,
				OBJ_77 /* ChangeStreamTests.swift */,
				OBJ_78 /* ClientSessionTests.swift */,
				OBJ_79 /* CodecTests.swift */,
				OBJ_80 /* CommandMonitoringTests.swift */,
				OBJ_81 /* CrudTests.swift */,
				OBJ_82 /* DNSSeedlistTests.swift */,
				OBJ_83 /* Document+CollectionTests.swift */,
				OBJ_84 /* Document+SequenceTests.swift */,
				OBJ_85 /* DocumentTests.swift */,
				OBJ_86 /* MongoClientTests.swift */,
				OBJ_87 /* MongoCollection+BulkWriteTests.swift */,
				OBJ_88 /* MongoCollection+IndexTests.swift */,
				OBJ_89 /* MongoCollectionTests.swift */,
				OBJ_90 /* MongoCursorTests.swift */,
				OBJ_91 /* MongoDatabaseTests.swift */,
				OBJ_92 /* MongoError+Equatable.swift */,
				OBJ_93 /* OptionsTests.swift */,
				OBJ_94 /* ReadPreferenceTests.swift */,
				OBJ_95 /* ReadWriteConcernTests.swift */,
				OBJ_96 /* RetryableReadsTests.swift */,
				OBJ_97 /* RetryableWritesTests.swift */,
				OBJ_98 /* SDAMMonitoringTests.swift */,
				OBJ_99 /* SpecTestRunner */,
				OBJ_105 /* TestUtils.swift */,
			);
			name = MongoSwiftTests;
			path = Tests/MongoSwiftTests;
			sourceTree = SOURCE_ROOT;
		};
		OBJ_8 /* AtlasConnectivity */ = {
			isa = PBXGroup;
			children = (
				OBJ_9 /* main.swift */,
			);
			name = AtlasConnectivity;
			path = Sources/AtlasConnectivity;
			sourceTree = SOURCE_ROOT;
		};
		OBJ_99 /* SpecTestRunner */ = {
			isa = PBXGroup;
			children = (
				OBJ_100 /* Match.swift */,
				OBJ_101 /* SpecTest.swift */,
				OBJ_102 /* SpecTestUtils.swift */,
				OBJ_103 /* TestOperation.swift */,
				OBJ_104 /* TestOperationResult.swift */,
			);
			name = SpecTestRunner;
			path = SpecTestRunner;
			sourceTree = "<group>";
		};
/* End PBXGroup section */

/* Begin PBXNativeTarget section */
		MongoSwift::AtlasConnectivity /* AtlasConnectivity */ = {
			isa = PBXNativeTarget;
			buildConfigurationList = OBJ_179 /* Build configuration list for PBXNativeTarget "AtlasConnectivity" */;
			buildPhases = (
				OBJ_182 /* Sources */,
				OBJ_184 /* Frameworks */,
			);
			buildRules = (
			);
			dependencies = (
				OBJ_186 /* PBXTargetDependency */,
			);
			name = AtlasConnectivity;
			productName = AtlasConnectivity;
			productReference = MongoSwift::AtlasConnectivity::Product /* AtlasConnectivity */;
			productType = "com.apple.product-type.tool";
		};
		MongoSwift::MongoSwift /* MongoSwift */ = {
			isa = PBXNativeTarget;
			buildConfigurationList = OBJ_188 /* Build configuration list for PBXNativeTarget "MongoSwift" */;
			buildPhases = (
				OBJ_191 /* Sources */,
				OBJ_250 /* Frameworks */,
			);
			buildRules = (
			);
			dependencies = (
			);
			name = MongoSwift;
			productName = MongoSwift;
			productReference = MongoSwift::MongoSwift::Product /* MongoSwift.framework */;
			productType = "com.apple.product-type.framework";
		};
		MongoSwift::MongoSwiftTests /* MongoSwiftTests */ = {
			isa = PBXNativeTarget;
			buildConfigurationList = OBJ_263 /* Build configuration list for PBXNativeTarget "MongoSwiftTests" */;
			buildPhases = (
				OBJ_266 /* Sources */,
				OBJ_298 /* Frameworks */,
				1D54EF99E03A6BF8AC74D95C /* Resources */,
			);
			buildRules = (
			);
			dependencies = (
				OBJ_301 /* PBXTargetDependency */,
				OBJ_303 /* PBXTargetDependency */,
			);
			name = MongoSwiftTests;
			productName = MongoSwiftTests;
			productReference = MongoSwift::MongoSwiftTests::Product /* MongoSwiftTests.xctest */;
			productType = "com.apple.product-type.bundle.unit-test";
		};
		MongoSwift::SwiftPMPackageDescription /* MongoSwiftPackageDescription */ = {
			isa = PBXNativeTarget;
			buildConfigurationList = OBJ_252 /* Build configuration list for PBXNativeTarget "MongoSwiftPackageDescription" */;
			buildPhases = (
				OBJ_255 /* Sources */,
			);
			buildRules = (
			);
			dependencies = (
			);
			name = MongoSwiftPackageDescription;
			productName = MongoSwiftPackageDescription;
			productType = "com.apple.product-type.framework";
		};
		Nimble::Nimble /* Nimble */ = {
			isa = PBXNativeTarget;
			buildConfigurationList = OBJ_304 /* Build configuration list for PBXNativeTarget "Nimble" */;
			buildPhases = (
				OBJ_307 /* Sources */,
				OBJ_360 /* Frameworks */,
			);
			buildRules = (
			);
			dependencies = (
			);
			name = Nimble;
			productName = Nimble;
			productReference = Nimble::Nimble::Product /* Nimble.framework */;
			productType = "com.apple.product-type.framework";
		};
		Nimble::SwiftPMPackageDescription /* NimblePackageDescription */ = {
			isa = PBXNativeTarget;
			buildConfigurationList = OBJ_362 /* Build configuration list for PBXNativeTarget "NimblePackageDescription" */;
			buildPhases = (
				OBJ_365 /* Sources */,
			);
			buildRules = (
			);
			dependencies = (
			);
			name = NimblePackageDescription;
			productName = NimblePackageDescription;
			productType = "com.apple.product-type.framework";
		};
/* End PBXNativeTarget section */

/* Begin PBXProject section */
		OBJ_1 /* Project object */ = {
			isa = PBXProject;
			attributes = {
				LastSwiftMigration = 9999;
				LastUpgradeCheck = 9999;
			};
			buildConfigurationList = OBJ_2 /* Build configuration list for PBXProject "MongoSwift" */;
			compatibilityVersion = "Xcode 3.2";
			developmentRegion = English;
			hasScannedForEncodings = 0;
			knownRegions = (
				en,
			);
			mainGroup = OBJ_5;
			productRefGroup = OBJ_166 /* Products */;
			projectDirPath = .;
			targets = (
				MongoSwift::AtlasConnectivity /* AtlasConnectivity */,
				MongoSwift::MongoSwift /* MongoSwift */,
				MongoSwift::SwiftPMPackageDescription /* MongoSwiftPackageDescription */,
				MongoSwift::MongoSwiftPackageTests::ProductTarget /* MongoSwiftPackageTests */,
				MongoSwift::MongoSwiftTests /* MongoSwiftTests */,
				Nimble::Nimble /* Nimble */,
				Nimble::SwiftPMPackageDescription /* NimblePackageDescription */,
				bson::bson::ProductTarget /* bson */,
				mongoc::mongoc::ProductTarget /* mongoc */,
			);
		};
/* End PBXProject section */

/* Begin PBXResourcesBuildPhase section */
		1D54EF99E03A6BF8AC74D95C /* Resources */ = {
			isa = PBXResourcesBuildPhase;
			buildActionMask = 2147483647;
			files = (
				5224C5E475D94B6589BA9C21 /* crud in Resources */,
				EDC5DEEA56B74BA77AA955AA /* command-monitoring in Resources */,
				D03E7964314932977A496583 /* bson-corpus in Resources */,
				DC528CAC9B869B54B9D06911 /* read-write-concern in Resources */,
				584BA6DD52D645C4A9314C10 /* retryable-writes in Resources */,
				A57FC25C9BB37183170CBF48 /* retryable-reads in Resources */,
				46276B360698EFCE55AE19CA /* change-streams in Resources */,
				520E7341A460B970D5E53C69 /* initial-dns-seedlist-discovery in Resources */,
				7A13D15177321D340D10E8A7 /* auth in Resources */,
			);
			runOnlyForDeploymentPostprocessing = 0;
		};
/* End PBXResourcesBuildPhase section */

/* Begin PBXSourcesBuildPhase section */
		OBJ_182 /* Sources */ = {
			isa = PBXSourcesBuildPhase;
			files = (
				OBJ_183 /* main.swift in Sources */,
			);
		};
		OBJ_191 /* Sources */ = {
			isa = PBXSourcesBuildPhase;
			files = (
				OBJ_192 /* APM.swift in Sources */,
				OBJ_193 /* BSON.swift in Sources */,
				OBJ_194 /* BSONDecoder.swift in Sources */,
				OBJ_195 /* BSONEncoder.swift in Sources */,
				OBJ_196 /* BSONValue.swift in Sources */,
				OBJ_197 /* CodableNumber.swift in Sources */,
				OBJ_198 /* CodingStrategies.swift in Sources */,
				OBJ_199 /* Document+Codable.swift in Sources */,
				OBJ_200 /* Document+Collection.swift in Sources */,
				OBJ_201 /* Document+Sequence.swift in Sources */,
				OBJ_202 /* Document.swift in Sources */,
				OBJ_203 /* DocumentIterator.swift in Sources */,
				OBJ_204 /* Overwritable.swift in Sources */,
				OBJ_205 /* ChangeStream.swift in Sources */,
				OBJ_206 /* ChangeStreamDocument.swift in Sources */,
				OBJ_207 /* ChangeStreamOptions.swift in Sources */,
				OBJ_208 /* ClientSession.swift in Sources */,
				OBJ_209 /* ConnectionPool.swift in Sources */,
				OBJ_210 /* ConnectionString.swift in Sources */,
				OBJ_211 /* Counter.swift in Sources */,
				OBJ_212 /* Hint.swift in Sources */,
				OBJ_213 /* MongoClient.swift in Sources */,
				OBJ_214 /* MongoCollection+BulkWrite.swift in Sources */,
				OBJ_215 /* MongoCollection+ChangeStreams.swift in Sources */,
				OBJ_216 /* MongoCollection+FindAndModify.swift in Sources */,
				OBJ_217 /* MongoCollection+Indexes.swift in Sources */,
				OBJ_218 /* MongoCollection+Read.swift in Sources */,
				OBJ_219 /* MongoCollection+Write.swift in Sources */,
				OBJ_220 /* MongoCollection.swift in Sources */,
				OBJ_221 /* MongoCursor.swift in Sources */,
				OBJ_222 /* MongoDatabase.swift in Sources */,
				OBJ_223 /* MongoError.swift in Sources */,
				OBJ_224 /* MongoNamespace.swift in Sources */,
				OBJ_225 /* MongoSwift.swift in Sources */,
				OBJ_226 /* MongoSwiftVersion.swift in Sources */,
				OBJ_227 /* AggregateOperation.swift in Sources */,
				OBJ_228 /* CountDocumentsOperation.swift in Sources */,
				OBJ_229 /* CreateCollectionOperation.swift in Sources */,
				OBJ_230 /* CreateIndexesOperation.swift in Sources */,
				OBJ_231 /* DistinctOperation.swift in Sources */,
				OBJ_232 /* DropCollectionOperation.swift in Sources */,
				OBJ_233 /* DropDatabaseOperation.swift in Sources */,
				OBJ_234 /* DropIndexesOperation.swift in Sources */,
				OBJ_235 /* EstimatedDocumentCountOperation.swift in Sources */,
				OBJ_236 /* FindAndModifyOperation.swift in Sources */,
				OBJ_237 /* FindOperation.swift in Sources */,
				OBJ_238 /* ListCollectionsOperation.swift in Sources */,
				OBJ_239 /* ListDatabasesOperation.swift in Sources */,
				OBJ_240 /* ListIndexesOperation.swift in Sources */,
				OBJ_241 /* NextOperation.swift in Sources */,
				OBJ_242 /* Operation.swift in Sources */,
				OBJ_243 /* RunCommandOperation.swift in Sources */,
				OBJ_244 /* StartSessionOperation.swift in Sources */,
				OBJ_245 /* WatchOperation.swift in Sources */,
				OBJ_246 /* ReadConcern.swift in Sources */,
				OBJ_247 /* ReadPreference.swift in Sources */,
				OBJ_248 /* SDAM.swift in Sources */,
				OBJ_249 /* WriteConcern.swift in Sources */,
			);
		};
		OBJ_255 /* Sources */ = {
			isa = PBXSourcesBuildPhase;
			files = (
				OBJ_256 /* Package.swift in Sources */,
			);
		};
		OBJ_266 /* Sources */ = {
			isa = PBXSourcesBuildPhase;
			files = (
				OBJ_267 /* AuthTests.swift in Sources */,
				OBJ_268 /* BSONCorpusTests.swift in Sources */,
				OBJ_269 /* BSONValueTests.swift in Sources */,
				OBJ_270 /* ChangeStreamTests.swift in Sources */,
				OBJ_271 /* ClientSessionTests.swift in Sources */,
				OBJ_272 /* CodecTests.swift in Sources */,
				OBJ_273 /* CommandMonitoringTests.swift in Sources */,
				OBJ_274 /* CrudTests.swift in Sources */,
				OBJ_275 /* DNSSeedlistTests.swift in Sources */,
				OBJ_276 /* Document+CollectionTests.swift in Sources */,
				OBJ_277 /* Document+SequenceTests.swift in Sources */,
				OBJ_278 /* DocumentTests.swift in Sources */,
				OBJ_279 /* MongoClientTests.swift in Sources */,
				OBJ_280 /* MongoCollection+BulkWriteTests.swift in Sources */,
				OBJ_281 /* MongoCollection+IndexTests.swift in Sources */,
				OBJ_282 /* MongoCollectionTests.swift in Sources */,
				OBJ_283 /* MongoCursorTests.swift in Sources */,
				OBJ_284 /* MongoDatabaseTests.swift in Sources */,
				OBJ_285 /* MongoError+Equatable.swift in Sources */,
				OBJ_286 /* OptionsTests.swift in Sources */,
				OBJ_287 /* ReadPreferenceTests.swift in Sources */,
				OBJ_288 /* ReadWriteConcernTests.swift in Sources */,
				OBJ_289 /* RetryableReadsTests.swift in Sources */,
				OBJ_290 /* RetryableWritesTests.swift in Sources */,
				OBJ_291 /* SDAMMonitoringTests.swift in Sources */,
				OBJ_292 /* Match.swift in Sources */,
				OBJ_293 /* SpecTest.swift in Sources */,
				OBJ_294 /* SpecTestUtils.swift in Sources */,
				OBJ_295 /* TestOperation.swift in Sources */,
				OBJ_296 /* TestOperationResult.swift in Sources */,
				OBJ_297 /* TestUtils.swift in Sources */,
			);
		};
		OBJ_307 /* Sources */ = {
			isa = PBXSourcesBuildPhase;
			files = (
				OBJ_308 /* AdapterProtocols.swift in Sources */,
				OBJ_309 /* AssertionDispatcher.swift in Sources */,
				OBJ_310 /* AssertionRecorder.swift in Sources */,
				OBJ_311 /* NMBExpectation.swift in Sources */,
				OBJ_312 /* NMBObjCMatcher.swift in Sources */,
				OBJ_313 /* NimbleEnvironment.swift in Sources */,
				OBJ_314 /* NimbleXCTestHandler.swift in Sources */,
				OBJ_315 /* ExceptionCapture.swift in Sources */,
				OBJ_316 /* DSL+Wait.swift in Sources */,
				OBJ_317 /* DSL.swift in Sources */,
				OBJ_318 /* Expectation.swift in Sources */,
				OBJ_319 /* ExpectationMessage.swift in Sources */,
				OBJ_320 /* Expression.swift in Sources */,
				OBJ_321 /* FailureMessage.swift in Sources */,
				OBJ_322 /* AllPass.swift in Sources */,
				OBJ_323 /* Async.swift in Sources */,
				OBJ_324 /* BeAKindOf.swift in Sources */,
				OBJ_325 /* BeAnInstanceOf.swift in Sources */,
				OBJ_326 /* BeCloseTo.swift in Sources */,
				OBJ_327 /* BeEmpty.swift in Sources */,
				OBJ_328 /* BeGreaterThan.swift in Sources */,
				OBJ_329 /* BeGreaterThanOrEqualTo.swift in Sources */,
				OBJ_330 /* BeIdenticalTo.swift in Sources */,
				OBJ_331 /* BeLessThan.swift in Sources */,
				OBJ_332 /* BeLessThanOrEqual.swift in Sources */,
				OBJ_333 /* BeLogical.swift in Sources */,
				OBJ_334 /* BeNil.swift in Sources */,
				OBJ_335 /* BeVoid.swift in Sources */,
				OBJ_336 /* BeginWith.swift in Sources */,
				OBJ_337 /* Contain.swift in Sources */,
				OBJ_338 /* ContainElementSatisfying.swift in Sources */,
				OBJ_339 /* ElementsEqual.swift in Sources */,
				OBJ_340 /* EndWith.swift in Sources */,
				OBJ_341 /* Equal.swift in Sources */,
				OBJ_342 /* HaveCount.swift in Sources */,
				OBJ_343 /* Match.swift in Sources */,
				OBJ_344 /* MatchError.swift in Sources */,
				OBJ_345 /* MatcherFunc.swift in Sources */,
				OBJ_346 /* MatcherProtocols.swift in Sources */,
				OBJ_347 /* PostNotification.swift in Sources */,
				OBJ_348 /* Predicate.swift in Sources */,
				OBJ_349 /* RaisesException.swift in Sources */,
				OBJ_350 /* SatisfyAllOf.swift in Sources */,
				OBJ_351 /* SatisfyAnyOf.swift in Sources */,
				OBJ_352 /* ThrowAssertion.swift in Sources */,
				OBJ_353 /* ThrowError.swift in Sources */,
				OBJ_354 /* ToSucceed.swift in Sources */,
				OBJ_355 /* Await.swift in Sources */,
				OBJ_356 /* Errors.swift in Sources */,
				OBJ_357 /* Functional.swift in Sources */,
				OBJ_358 /* SourceLocation.swift in Sources */,
				OBJ_359 /* Stringers.swift in Sources */,
			);
		};
		OBJ_365 /* Sources */ = {
			isa = PBXSourcesBuildPhase;
			files = (
				OBJ_366 /* Package.swift in Sources */,
			);
		};
/* End PBXSourcesBuildPhase section */

/* Begin PBXTargetDependency section */
		OBJ_186 /* PBXTargetDependency */ = {
			isa = PBXTargetDependency;
			target = MongoSwift::MongoSwift /* MongoSwift */;
		};
		OBJ_261 /* PBXTargetDependency */ = {
			isa = PBXTargetDependency;
			target = MongoSwift::MongoSwiftTests /* MongoSwiftTests */;
		};
		OBJ_301 /* PBXTargetDependency */ = {
			isa = PBXTargetDependency;
			target = Nimble::Nimble /* Nimble */;
		};
		OBJ_303 /* PBXTargetDependency */ = {
			isa = PBXTargetDependency;
			target = MongoSwift::MongoSwift /* MongoSwift */;
		};
/* End PBXTargetDependency section */

/* Begin XCBuildConfiguration section */
		OBJ_180 /* Debug */ = {
			isa = XCBuildConfiguration;
			buildSettings = {
				FRAMEWORK_SEARCH_PATHS = (
					"$(inherited)",
					"$(PLATFORM_DIR)/Developer/Library/Frameworks",
				);
				HEADER_SEARCH_PATHS = (
					"$(inherited)",
					"$(SRCROOT)/.build/checkouts/swift-mongoc",
					"$(SRCROOT)/.build/checkouts/swift-bson",
				);
				INFOPLIST_FILE = MongoSwift.xcodeproj/AtlasConnectivity_Info.plist;
				IPHONEOS_DEPLOYMENT_TARGET = 8.0;
				LD_RUNPATH_SEARCH_PATHS = "$(inherited) $(TOOLCHAIN_DIR)/usr/lib/swift/macosx @executable_path";
				MACOSX_DEPLOYMENT_TARGET = 10.10;
				OTHER_CFLAGS = (
					"$(inherited)",
					"-I/usr/local/Cellar/mongo-c-driver/1.15.1/include/libmongoc-1.0",
					"-I/usr/local/Cellar/mongo-c-driver/1.15.1/include/libbson-1.0",
					"-I/usr/local/Cellar/mongo-c-driver/1.15.1/include/libbson-1.0",
				);
				OTHER_LDFLAGS = (
					"$(inherited)",
					"-L/usr/local/Cellar/mongo-c-driver/1.15.1/lib",
					"-lmongoc-1.0",
					"-L/usr/local/Cellar/mongo-c-driver/1.15.1/lib",
					"-lbson-1.0",
					"-L/usr/local/Cellar/mongo-c-driver/1.15.1/lib",
					"-lbson-1.0",
				);
				OTHER_SWIFT_FLAGS = "$(inherited) -I/usr/local/Cellar/mongo-c-driver/1.15.1/include/libmongoc-1.0 -I/usr/local/Cellar/mongo-c-driver/1.15.1/include/libbson-1.0 -I/usr/local/Cellar/mongo-c-driver/1.15.1/include/libbson-1.0";
				SWIFT_ACTIVE_COMPILATION_CONDITIONS = "$(inherited)";
				SWIFT_FORCE_DYNAMIC_LINK_STDLIB = YES;
				SWIFT_FORCE_STATIC_LINK_STDLIB = NO;
				SWIFT_VERSION = 5.0;
				TARGET_NAME = AtlasConnectivity;
				TVOS_DEPLOYMENT_TARGET = 9.0;
				WATCHOS_DEPLOYMENT_TARGET = 2.0;
			};
			name = Debug;
		};
		OBJ_181 /* Release */ = {
			isa = XCBuildConfiguration;
			buildSettings = {
				FRAMEWORK_SEARCH_PATHS = (
					"$(inherited)",
					"$(PLATFORM_DIR)/Developer/Library/Frameworks",
				);
				HEADER_SEARCH_PATHS = (
					"$(inherited)",
					"$(SRCROOT)/.build/checkouts/swift-mongoc",
					"$(SRCROOT)/.build/checkouts/swift-bson",
				);
				INFOPLIST_FILE = MongoSwift.xcodeproj/AtlasConnectivity_Info.plist;
				IPHONEOS_DEPLOYMENT_TARGET = 8.0;
				LD_RUNPATH_SEARCH_PATHS = "$(inherited) $(TOOLCHAIN_DIR)/usr/lib/swift/macosx @executable_path";
				MACOSX_DEPLOYMENT_TARGET = 10.10;
				OTHER_CFLAGS = (
					"$(inherited)",
					"-I/usr/local/Cellar/mongo-c-driver/1.15.1/include/libmongoc-1.0",
					"-I/usr/local/Cellar/mongo-c-driver/1.15.1/include/libbson-1.0",
					"-I/usr/local/Cellar/mongo-c-driver/1.15.1/include/libbson-1.0",
				);
				OTHER_LDFLAGS = (
					"$(inherited)",
					"-L/usr/local/Cellar/mongo-c-driver/1.15.1/lib",
					"-lmongoc-1.0",
					"-L/usr/local/Cellar/mongo-c-driver/1.15.1/lib",
					"-lbson-1.0",
					"-L/usr/local/Cellar/mongo-c-driver/1.15.1/lib",
					"-lbson-1.0",
				);
				OTHER_SWIFT_FLAGS = "$(inherited) -I/usr/local/Cellar/mongo-c-driver/1.15.1/include/libmongoc-1.0 -I/usr/local/Cellar/mongo-c-driver/1.15.1/include/libbson-1.0 -I/usr/local/Cellar/mongo-c-driver/1.15.1/include/libbson-1.0";
				SWIFT_ACTIVE_COMPILATION_CONDITIONS = "$(inherited)";
				SWIFT_FORCE_DYNAMIC_LINK_STDLIB = YES;
				SWIFT_FORCE_STATIC_LINK_STDLIB = NO;
				SWIFT_VERSION = 5.0;
				TARGET_NAME = AtlasConnectivity;
				TVOS_DEPLOYMENT_TARGET = 9.0;
				WATCHOS_DEPLOYMENT_TARGET = 2.0;
			};
			name = Release;
		};
		OBJ_189 /* Debug */ = {
			isa = XCBuildConfiguration;
			buildSettings = {
				ENABLE_TESTABILITY = YES;
				FRAMEWORK_SEARCH_PATHS = (
					"$(inherited)",
					"$(PLATFORM_DIR)/Developer/Library/Frameworks",
				);
				HEADER_SEARCH_PATHS = (
					"$(inherited)",
					"$(SRCROOT)/.build/checkouts/swift-mongoc",
					"$(SRCROOT)/.build/checkouts/swift-bson",
				);
				INFOPLIST_FILE = MongoSwift.xcodeproj/MongoSwift_Info.plist;
				IPHONEOS_DEPLOYMENT_TARGET = 8.0;
				LD_RUNPATH_SEARCH_PATHS = "$(inherited) $(TOOLCHAIN_DIR)/usr/lib/swift/macosx";
				MACOSX_DEPLOYMENT_TARGET = 10.10;
				OTHER_CFLAGS = (
					"$(inherited)",
					"-I/usr/local/Cellar/mongo-c-driver/1.15.1/include/libmongoc-1.0",
					"-I/usr/local/Cellar/mongo-c-driver/1.15.1/include/libbson-1.0",
					"-I/usr/local/Cellar/mongo-c-driver/1.15.1/include/libbson-1.0",
				);
				OTHER_LDFLAGS = (
					"$(inherited)",
					"-L/usr/local/Cellar/mongo-c-driver/1.15.1/lib",
					"-lmongoc-1.0",
					"-L/usr/local/Cellar/mongo-c-driver/1.15.1/lib",
					"-lbson-1.0",
					"-L/usr/local/Cellar/mongo-c-driver/1.15.1/lib",
					"-lbson-1.0",
				);
				OTHER_SWIFT_FLAGS = "$(inherited) -I/usr/local/Cellar/mongo-c-driver/1.15.1/include/libmongoc-1.0 -I/usr/local/Cellar/mongo-c-driver/1.15.1/include/libbson-1.0 -I/usr/local/Cellar/mongo-c-driver/1.15.1/include/libbson-1.0";
				PRODUCT_BUNDLE_IDENTIFIER = MongoSwift;
				PRODUCT_MODULE_NAME = "$(TARGET_NAME:c99extidentifier)";
				PRODUCT_NAME = "$(TARGET_NAME:c99extidentifier)";
				SKIP_INSTALL = YES;
				SWIFT_ACTIVE_COMPILATION_CONDITIONS = "$(inherited)";
				SWIFT_VERSION = 5.0;
				TARGET_NAME = MongoSwift;
				TVOS_DEPLOYMENT_TARGET = 9.0;
				WATCHOS_DEPLOYMENT_TARGET = 2.0;
			};
			name = Debug;
		};
		OBJ_190 /* Release */ = {
			isa = XCBuildConfiguration;
			buildSettings = {
				ENABLE_TESTABILITY = YES;
				FRAMEWORK_SEARCH_PATHS = (
					"$(inherited)",
					"$(PLATFORM_DIR)/Developer/Library/Frameworks",
				);
				HEADER_SEARCH_PATHS = (
					"$(inherited)",
					"$(SRCROOT)/.build/checkouts/swift-mongoc",
					"$(SRCROOT)/.build/checkouts/swift-bson",
				);
				INFOPLIST_FILE = MongoSwift.xcodeproj/MongoSwift_Info.plist;
				IPHONEOS_DEPLOYMENT_TARGET = 8.0;
				LD_RUNPATH_SEARCH_PATHS = "$(inherited) $(TOOLCHAIN_DIR)/usr/lib/swift/macosx";
				MACOSX_DEPLOYMENT_TARGET = 10.10;
				OTHER_CFLAGS = (
					"$(inherited)",
					"-I/usr/local/Cellar/mongo-c-driver/1.15.1/include/libmongoc-1.0",
					"-I/usr/local/Cellar/mongo-c-driver/1.15.1/include/libbson-1.0",
					"-I/usr/local/Cellar/mongo-c-driver/1.15.1/include/libbson-1.0",
				);
				OTHER_LDFLAGS = (
					"$(inherited)",
					"-L/usr/local/Cellar/mongo-c-driver/1.15.1/lib",
					"-lmongoc-1.0",
					"-L/usr/local/Cellar/mongo-c-driver/1.15.1/lib",
					"-lbson-1.0",
					"-L/usr/local/Cellar/mongo-c-driver/1.15.1/lib",
					"-lbson-1.0",
				);
				OTHER_SWIFT_FLAGS = "$(inherited) -I/usr/local/Cellar/mongo-c-driver/1.15.1/include/libmongoc-1.0 -I/usr/local/Cellar/mongo-c-driver/1.15.1/include/libbson-1.0 -I/usr/local/Cellar/mongo-c-driver/1.15.1/include/libbson-1.0";
				PRODUCT_BUNDLE_IDENTIFIER = MongoSwift;
				PRODUCT_MODULE_NAME = "$(TARGET_NAME:c99extidentifier)";
				PRODUCT_NAME = "$(TARGET_NAME:c99extidentifier)";
				SKIP_INSTALL = YES;
				SWIFT_ACTIVE_COMPILATION_CONDITIONS = "$(inherited)";
				SWIFT_VERSION = 5.0;
				TARGET_NAME = MongoSwift;
				TVOS_DEPLOYMENT_TARGET = 9.0;
				WATCHOS_DEPLOYMENT_TARGET = 2.0;
			};
			name = Release;
		};
		OBJ_253 /* Debug */ = {
			isa = XCBuildConfiguration;
			buildSettings = {
				LD = /usr/bin/true;
				OTHER_SWIFT_FLAGS = "-swift-version 5 -I $(TOOLCHAIN_DIR)/usr/lib/swift/pm/4_2 -target x86_64-apple-macosx10.10 -sdk /Applications/Xcode.app/Contents/Developer/Platforms/MacOSX.platform/Developer/SDKs/MacOSX10.15.sdk";
				SWIFT_VERSION = 5.0;
			};
			name = Debug;
		};
		OBJ_254 /* Release */ = {
			isa = XCBuildConfiguration;
			buildSettings = {
				LD = /usr/bin/true;
				OTHER_SWIFT_FLAGS = "-swift-version 5 -I $(TOOLCHAIN_DIR)/usr/lib/swift/pm/4_2 -target x86_64-apple-macosx10.10 -sdk /Applications/Xcode.app/Contents/Developer/Platforms/MacOSX.platform/Developer/SDKs/MacOSX10.15.sdk";
				SWIFT_VERSION = 5.0;
			};
			name = Release;
		};
		OBJ_259 /* Debug */ = {
			isa = XCBuildConfiguration;
			buildSettings = {
			};
			name = Debug;
		};
		OBJ_260 /* Release */ = {
			isa = XCBuildConfiguration;
			buildSettings = {
			};
			name = Release;
		};
		OBJ_264 /* Debug */ = {
			isa = XCBuildConfiguration;
			buildSettings = {
				CLANG_ENABLE_MODULES = YES;
				EMBEDDED_CONTENT_CONTAINS_SWIFT = YES;
				FRAMEWORK_SEARCH_PATHS = (
					"$(inherited)",
					"$(PLATFORM_DIR)/Developer/Library/Frameworks",
				);
				HEADER_SEARCH_PATHS = (
					"$(inherited)",
					"$(SRCROOT)/.build/checkouts/swift-mongoc",
					"$(SRCROOT)/.build/checkouts/swift-bson",
				);
				INFOPLIST_FILE = MongoSwift.xcodeproj/MongoSwiftTests_Info.plist;
				IPHONEOS_DEPLOYMENT_TARGET = 8.0;
				LD_RUNPATH_SEARCH_PATHS = "$(inherited) @loader_path/../Frameworks @loader_path/Frameworks";
				MACOSX_DEPLOYMENT_TARGET = 10.10;
				OTHER_CFLAGS = (
					"$(inherited)",
					"-I/usr/local/Cellar/mongo-c-driver/1.15.1/include/libmongoc-1.0",
					"-I/usr/local/Cellar/mongo-c-driver/1.15.1/include/libbson-1.0",
					"-I/usr/local/Cellar/mongo-c-driver/1.15.1/include/libbson-1.0",
				);
				OTHER_LDFLAGS = (
					"$(inherited)",
					"-L/usr/local/Cellar/mongo-c-driver/1.15.1/lib",
					"-lmongoc-1.0",
					"-L/usr/local/Cellar/mongo-c-driver/1.15.1/lib",
					"-lbson-1.0",
					"-L/usr/local/Cellar/mongo-c-driver/1.15.1/lib",
					"-lbson-1.0",
				);
				OTHER_SWIFT_FLAGS = "$(inherited) -I/usr/local/Cellar/mongo-c-driver/1.15.1/include/libmongoc-1.0 -I/usr/local/Cellar/mongo-c-driver/1.15.1/include/libbson-1.0 -I/usr/local/Cellar/mongo-c-driver/1.15.1/include/libbson-1.0";
				SWIFT_ACTIVE_COMPILATION_CONDITIONS = "$(inherited)";
				SWIFT_VERSION = 5.0;
				TARGET_NAME = MongoSwiftTests;
				TVOS_DEPLOYMENT_TARGET = 9.0;
				WATCHOS_DEPLOYMENT_TARGET = 2.0;
			};
			name = Debug;
		};
		OBJ_265 /* Release */ = {
			isa = XCBuildConfiguration;
			buildSettings = {
				CLANG_ENABLE_MODULES = YES;
				EMBEDDED_CONTENT_CONTAINS_SWIFT = YES;
				FRAMEWORK_SEARCH_PATHS = (
					"$(inherited)",
					"$(PLATFORM_DIR)/Developer/Library/Frameworks",
				);
				HEADER_SEARCH_PATHS = (
					"$(inherited)",
					"$(SRCROOT)/.build/checkouts/swift-mongoc",
					"$(SRCROOT)/.build/checkouts/swift-bson",
				);
				INFOPLIST_FILE = MongoSwift.xcodeproj/MongoSwiftTests_Info.plist;
				IPHONEOS_DEPLOYMENT_TARGET = 8.0;
				LD_RUNPATH_SEARCH_PATHS = "$(inherited) @loader_path/../Frameworks @loader_path/Frameworks";
				MACOSX_DEPLOYMENT_TARGET = 10.10;
				OTHER_CFLAGS = (
					"$(inherited)",
					"-I/usr/local/Cellar/mongo-c-driver/1.15.1/include/libmongoc-1.0",
					"-I/usr/local/Cellar/mongo-c-driver/1.15.1/include/libbson-1.0",
					"-I/usr/local/Cellar/mongo-c-driver/1.15.1/include/libbson-1.0",
				);
				OTHER_LDFLAGS = (
					"$(inherited)",
					"-L/usr/local/Cellar/mongo-c-driver/1.15.1/lib",
					"-lmongoc-1.0",
					"-L/usr/local/Cellar/mongo-c-driver/1.15.1/lib",
					"-lbson-1.0",
					"-L/usr/local/Cellar/mongo-c-driver/1.15.1/lib",
					"-lbson-1.0",
				);
				OTHER_SWIFT_FLAGS = "$(inherited) -I/usr/local/Cellar/mongo-c-driver/1.15.1/include/libmongoc-1.0 -I/usr/local/Cellar/mongo-c-driver/1.15.1/include/libbson-1.0 -I/usr/local/Cellar/mongo-c-driver/1.15.1/include/libbson-1.0";
				SWIFT_ACTIVE_COMPILATION_CONDITIONS = "$(inherited)";
				SWIFT_VERSION = 5.0;
				TARGET_NAME = MongoSwiftTests;
				TVOS_DEPLOYMENT_TARGET = 9.0;
				WATCHOS_DEPLOYMENT_TARGET = 2.0;
			};
			name = Release;
		};
		OBJ_3 /* Debug */ = {
			isa = XCBuildConfiguration;
			buildSettings = {
				CLANG_ENABLE_OBJC_ARC = YES;
				COMBINE_HIDPI_IMAGES = YES;
				COPY_PHASE_STRIP = NO;
				DEBUG_INFORMATION_FORMAT = dwarf;
				DYLIB_INSTALL_NAME_BASE = "@rpath";
				ENABLE_NS_ASSERTIONS = YES;
				GCC_OPTIMIZATION_LEVEL = 0;
				GCC_PREPROCESSOR_DEFINITIONS = (
					"$(inherited)",
					"SWIFT_PACKAGE=1",
					"DEBUG=1",
				);
				MACOSX_DEPLOYMENT_TARGET = 10.10;
				ONLY_ACTIVE_ARCH = YES;
				OTHER_SWIFT_FLAGS = "-DXcode";
				PRODUCT_NAME = "$(TARGET_NAME)";
				SDKROOT = macosx;
				SUPPORTED_PLATFORMS = "macosx iphoneos iphonesimulator appletvos appletvsimulator watchos watchsimulator";
				SWIFT_ACTIVE_COMPILATION_CONDITIONS = "$(inherited) SWIFT_PACKAGE DEBUG";
				SWIFT_OPTIMIZATION_LEVEL = "-Onone";
				USE_HEADERMAP = NO;
			};
			name = Debug;
		};
		OBJ_305 /* Debug */ = {
			isa = XCBuildConfiguration;
			buildSettings = {
				ENABLE_TESTABILITY = YES;
				FRAMEWORK_SEARCH_PATHS = (
					"$(inherited)",
					"$(PLATFORM_DIR)/Developer/Library/Frameworks",
				);
				HEADER_SEARCH_PATHS = "$(inherited)";
				INFOPLIST_FILE = MongoSwift.xcodeproj/Nimble_Info.plist;
				IPHONEOS_DEPLOYMENT_TARGET = 8.0;
				LD_RUNPATH_SEARCH_PATHS = "$(inherited) $(TOOLCHAIN_DIR)/usr/lib/swift/macosx";
				MACOSX_DEPLOYMENT_TARGET = 10.10;
				OTHER_CFLAGS = "$(inherited)";
				OTHER_LDFLAGS = "$(inherited)";
				OTHER_SWIFT_FLAGS = "$(inherited)";
				PRODUCT_BUNDLE_IDENTIFIER = Nimble;
				PRODUCT_MODULE_NAME = "$(TARGET_NAME:c99extidentifier)";
				PRODUCT_NAME = "$(TARGET_NAME:c99extidentifier)";
				SKIP_INSTALL = YES;
				SWIFT_ACTIVE_COMPILATION_CONDITIONS = "$(inherited)";
				SWIFT_VERSION = 5.0;
				TARGET_NAME = Nimble;
				TVOS_DEPLOYMENT_TARGET = 9.0;
				WATCHOS_DEPLOYMENT_TARGET = 2.0;
			};
			name = Debug;
		};
		OBJ_306 /* Release */ = {
			isa = XCBuildConfiguration;
			buildSettings = {
				ENABLE_TESTABILITY = YES;
				FRAMEWORK_SEARCH_PATHS = (
					"$(inherited)",
					"$(PLATFORM_DIR)/Developer/Library/Frameworks",
				);
				HEADER_SEARCH_PATHS = "$(inherited)";
				INFOPLIST_FILE = MongoSwift.xcodeproj/Nimble_Info.plist;
				IPHONEOS_DEPLOYMENT_TARGET = 8.0;
				LD_RUNPATH_SEARCH_PATHS = "$(inherited) $(TOOLCHAIN_DIR)/usr/lib/swift/macosx";
				MACOSX_DEPLOYMENT_TARGET = 10.10;
				OTHER_CFLAGS = "$(inherited)";
				OTHER_LDFLAGS = "$(inherited)";
				OTHER_SWIFT_FLAGS = "$(inherited)";
				PRODUCT_BUNDLE_IDENTIFIER = Nimble;
				PRODUCT_MODULE_NAME = "$(TARGET_NAME:c99extidentifier)";
				PRODUCT_NAME = "$(TARGET_NAME:c99extidentifier)";
				SKIP_INSTALL = YES;
				SWIFT_ACTIVE_COMPILATION_CONDITIONS = "$(inherited)";
				SWIFT_VERSION = 5.0;
				TARGET_NAME = Nimble;
				TVOS_DEPLOYMENT_TARGET = 9.0;
				WATCHOS_DEPLOYMENT_TARGET = 2.0;
			};
			name = Release;
		};
		OBJ_363 /* Debug */ = {
			isa = XCBuildConfiguration;
			buildSettings = {
				LD = /usr/bin/true;
				OTHER_SWIFT_FLAGS = "-swift-version 5 -I $(TOOLCHAIN_DIR)/usr/lib/swift/pm/4_2 -target x86_64-apple-macosx10.10 -sdk /Applications/Xcode.app/Contents/Developer/Platforms/MacOSX.platform/Developer/SDKs/MacOSX10.15.sdk";
				SWIFT_VERSION = 5.0;
			};
			name = Debug;
		};
		OBJ_364 /* Release */ = {
			isa = XCBuildConfiguration;
			buildSettings = {
				LD = /usr/bin/true;
				OTHER_SWIFT_FLAGS = "-swift-version 5 -I $(TOOLCHAIN_DIR)/usr/lib/swift/pm/4_2 -target x86_64-apple-macosx10.10 -sdk /Applications/Xcode.app/Contents/Developer/Platforms/MacOSX.platform/Developer/SDKs/MacOSX10.15.sdk";
				SWIFT_VERSION = 5.0;
			};
			name = Release;
		};
		OBJ_369 /* Debug */ = {
			isa = XCBuildConfiguration;
			buildSettings = {
			};
			name = Debug;
		};
		OBJ_370 /* Release */ = {
			isa = XCBuildConfiguration;
			buildSettings = {
			};
			name = Release;
		};
		OBJ_373 /* Debug */ = {
			isa = XCBuildConfiguration;
			buildSettings = {
			};
			name = Debug;
		};
		OBJ_374 /* Release */ = {
			isa = XCBuildConfiguration;
			buildSettings = {
			};
			name = Release;
		};
		OBJ_4 /* Release */ = {
			isa = XCBuildConfiguration;
			buildSettings = {
				CLANG_ENABLE_OBJC_ARC = YES;
				COMBINE_HIDPI_IMAGES = YES;
				COPY_PHASE_STRIP = YES;
				DEBUG_INFORMATION_FORMAT = "dwarf-with-dsym";
				DYLIB_INSTALL_NAME_BASE = "@rpath";
				GCC_OPTIMIZATION_LEVEL = s;
				GCC_PREPROCESSOR_DEFINITIONS = (
					"$(inherited)",
					"SWIFT_PACKAGE=1",
				);
				MACOSX_DEPLOYMENT_TARGET = 10.10;
				OTHER_SWIFT_FLAGS = "-DXcode";
				PRODUCT_NAME = "$(TARGET_NAME)";
				SDKROOT = macosx;
				SUPPORTED_PLATFORMS = "macosx iphoneos iphonesimulator appletvos appletvsimulator watchos watchsimulator";
				SWIFT_ACTIVE_COMPILATION_CONDITIONS = "$(inherited) SWIFT_PACKAGE";
				SWIFT_OPTIMIZATION_LEVEL = "-Owholemodule";
				USE_HEADERMAP = NO;
			};
			name = Release;
		};
/* End XCBuildConfiguration section */

/* Begin XCConfigurationList section */
		OBJ_179 /* Build configuration list for PBXNativeTarget "AtlasConnectivity" */ = {
			isa = XCConfigurationList;
			buildConfigurations = (
				OBJ_180 /* Debug */,
				OBJ_181 /* Release */,
			);
			defaultConfigurationIsVisible = 0;
			defaultConfigurationName = Release;
		};
		OBJ_188 /* Build configuration list for PBXNativeTarget "MongoSwift" */ = {
			isa = XCConfigurationList;
			buildConfigurations = (
				OBJ_189 /* Debug */,
				OBJ_190 /* Release */,
			);
			defaultConfigurationIsVisible = 0;
			defaultConfigurationName = Release;
		};
		OBJ_2 /* Build configuration list for PBXProject "MongoSwift" */ = {
			isa = XCConfigurationList;
			buildConfigurations = (
				OBJ_3 /* Debug */,
				OBJ_4 /* Release */,
			);
			defaultConfigurationIsVisible = 0;
			defaultConfigurationName = Release;
		};
		OBJ_252 /* Build configuration list for PBXNativeTarget "MongoSwiftPackageDescription" */ = {
			isa = XCConfigurationList;
			buildConfigurations = (
				OBJ_253 /* Debug */,
				OBJ_254 /* Release */,
			);
			defaultConfigurationIsVisible = 0;
			defaultConfigurationName = Release;
		};
		OBJ_258 /* Build configuration list for PBXAggregateTarget "MongoSwiftPackageTests" */ = {
			isa = XCConfigurationList;
			buildConfigurations = (
				OBJ_259 /* Debug */,
				OBJ_260 /* Release */,
			);
			defaultConfigurationIsVisible = 0;
			defaultConfigurationName = Release;
		};
		OBJ_263 /* Build configuration list for PBXNativeTarget "MongoSwiftTests" */ = {
			isa = XCConfigurationList;
			buildConfigurations = (
				OBJ_264 /* Debug */,
				OBJ_265 /* Release */,
			);
			defaultConfigurationIsVisible = 0;
			defaultConfigurationName = Release;
		};
		OBJ_304 /* Build configuration list for PBXNativeTarget "Nimble" */ = {
			isa = XCConfigurationList;
			buildConfigurations = (
				OBJ_305 /* Debug */,
				OBJ_306 /* Release */,
			);
			defaultConfigurationIsVisible = 0;
			defaultConfigurationName = Release;
		};
		OBJ_362 /* Build configuration list for PBXNativeTarget "NimblePackageDescription" */ = {
			isa = XCConfigurationList;
			buildConfigurations = (
				OBJ_363 /* Debug */,
				OBJ_364 /* Release */,
			);
			defaultConfigurationIsVisible = 0;
			defaultConfigurationName = Release;
		};
		OBJ_368 /* Build configuration list for PBXAggregateTarget "bson" */ = {
			isa = XCConfigurationList;
			buildConfigurations = (
				OBJ_369 /* Debug */,
				OBJ_370 /* Release */,
			);
			defaultConfigurationIsVisible = 0;
			defaultConfigurationName = Release;
		};
		OBJ_372 /* Build configuration list for PBXAggregateTarget "mongoc" */ = {
			isa = XCConfigurationList;
			buildConfigurations = (
				OBJ_373 /* Debug */,
				OBJ_374 /* Release */,
			);
			defaultConfigurationIsVisible = 0;
			defaultConfigurationName = Release;
		};
/* End XCConfigurationList section */
	};
	rootObject = OBJ_1 /* Project object */;
}
