// !$*UTF8*$!
{
	archiveVersion = 1;
	classes = {
	};
	objectVersion = 46;
	objects = {

/* Begin PBXAggregateTarget section */
		MongoSwift::MongoSwiftPackageTests::ProductTarget /* MongoSwiftPackageTests */ = {
			isa = PBXAggregateTarget;
			buildConfigurationList = OBJ_168 /* Build configuration list for PBXAggregateTarget "MongoSwiftPackageTests" */;
			buildPhases = (
			);
			dependencies = (
				OBJ_171 /* PBXTargetDependency */,
			);
			name = MongoSwiftPackageTests;
			productName = MongoSwiftPackageTests;
		};
		bson::bson::ProductTarget /* bson */ = {
			isa = PBXAggregateTarget;
			buildConfigurationList = OBJ_263 /* Build configuration list for PBXAggregateTarget "bson" */;
			buildPhases = (
			);
			dependencies = (
			);
			name = bson;
			productName = bson;
		};
		mongoc::mongoc::ProductTarget /* mongoc */ = {
			isa = PBXAggregateTarget;
			buildConfigurationList = OBJ_267 /* Build configuration list for PBXAggregateTarget "mongoc" */;
			buildPhases = (
			);
			dependencies = (
			);
			name = mongoc;
			productName = mongoc;
		};
/* End PBXAggregateTarget section */

/* Begin PBXBuildFile section */
		41E74167378B9911EB9C25A2 /* bson-corpus in Resources */ = {isa = PBXBuildFile; fileRef = BAFE248AF780E8BE01A479A4 /* bson-corpus */; };
		4FE8B9F2B586D187FA32F53C /* crud in Resources */ = {isa = PBXBuildFile; fileRef = 09ECC2C20EE3EC3775EE0B19 /* crud */; };
		65759BE0FE23596B02EBF8EB /* command-monitoring in Resources */ = {isa = PBXBuildFile; fileRef = 86F519E7CF33A2DE1E35E444 /* command-monitoring */; };
		905C9ECDE43B832DD8B43890 /* read-write-concern in Resources */ = {isa = PBXBuildFile; fileRef = B7BEAC40E2C4B2767E10C9D3 /* read-write-concern */; };
		OBJ_130 /* APM.swift in Sources */ = {isa = PBXBuildFile; fileRef = OBJ_9 /* APM.swift */; };
		OBJ_131 /* AnyBSONValue.swift in Sources */ = {isa = PBXBuildFile; fileRef = OBJ_11 /* AnyBSONValue.swift */; };
		OBJ_132 /* BSONDecoder.swift in Sources */ = {isa = PBXBuildFile; fileRef = OBJ_12 /* BSONDecoder.swift */; };
		OBJ_133 /* BSONEncoder.swift in Sources */ = {isa = PBXBuildFile; fileRef = OBJ_13 /* BSONEncoder.swift */; };
		OBJ_134 /* BSONValue.swift in Sources */ = {isa = PBXBuildFile; fileRef = OBJ_14 /* BSONValue.swift */; };
		OBJ_135 /* CodableNumber.swift in Sources */ = {isa = PBXBuildFile; fileRef = OBJ_15 /* CodableNumber.swift */; };
		OBJ_136 /* CodingStrategies.swift in Sources */ = {isa = PBXBuildFile; fileRef = OBJ_16 /* CodingStrategies.swift */; };
		OBJ_137 /* Document+Codable.swift in Sources */ = {isa = PBXBuildFile; fileRef = OBJ_17 /* Document+Codable.swift */; };
		OBJ_138 /* Document+Collection.swift in Sources */ = {isa = PBXBuildFile; fileRef = OBJ_18 /* Document+Collection.swift */; };
		OBJ_139 /* Document+Sequence.swift in Sources */ = {isa = PBXBuildFile; fileRef = OBJ_19 /* Document+Sequence.swift */; };
		OBJ_140 /* Document.swift in Sources */ = {isa = PBXBuildFile; fileRef = OBJ_20 /* Document.swift */; };
		OBJ_141 /* DocumentIterator.swift in Sources */ = {isa = PBXBuildFile; fileRef = OBJ_21 /* DocumentIterator.swift */; };
		OBJ_142 /* Overwritable.swift in Sources */ = {isa = PBXBuildFile; fileRef = OBJ_22 /* Overwritable.swift */; };
		OBJ_143 /* ClientSession.swift in Sources */ = {isa = PBXBuildFile; fileRef = OBJ_23 /* ClientSession.swift */; };
		OBJ_144 /* MongoClient.swift in Sources */ = {isa = PBXBuildFile; fileRef = OBJ_24 /* MongoClient.swift */; };
		OBJ_145 /* MongoClientPool.swift in Sources */ = {isa = PBXBuildFile; fileRef = OBJ_25 /* MongoClientPool.swift */; };
		OBJ_146 /* MongoCollection+BulkWrite.swift in Sources */ = {isa = PBXBuildFile; fileRef = OBJ_26 /* MongoCollection+BulkWrite.swift */; };
		OBJ_147 /* MongoCollection+FindAndModify.swift in Sources */ = {isa = PBXBuildFile; fileRef = OBJ_27 /* MongoCollection+FindAndModify.swift */; };
		OBJ_148 /* MongoCollection+Indexes.swift in Sources */ = {isa = PBXBuildFile; fileRef = OBJ_28 /* MongoCollection+Indexes.swift */; };
		OBJ_149 /* MongoCollection+Read.swift in Sources */ = {isa = PBXBuildFile; fileRef = OBJ_29 /* MongoCollection+Read.swift */; };
		OBJ_150 /* MongoCollection+Write.swift in Sources */ = {isa = PBXBuildFile; fileRef = OBJ_30 /* MongoCollection+Write.swift */; };
		OBJ_151 /* MongoCollection.swift in Sources */ = {isa = PBXBuildFile; fileRef = OBJ_31 /* MongoCollection.swift */; };
		OBJ_152 /* MongoCursor.swift in Sources */ = {isa = PBXBuildFile; fileRef = OBJ_32 /* MongoCursor.swift */; };
		OBJ_153 /* MongoDatabase.swift in Sources */ = {isa = PBXBuildFile; fileRef = OBJ_33 /* MongoDatabase.swift */; };
		OBJ_154 /* MongoError.swift in Sources */ = {isa = PBXBuildFile; fileRef = OBJ_34 /* MongoError.swift */; };
		OBJ_155 /* MongoSwift.swift in Sources */ = {isa = PBXBuildFile; fileRef = OBJ_35 /* MongoSwift.swift */; };
		OBJ_156 /* ReadConcern.swift in Sources */ = {isa = PBXBuildFile; fileRef = OBJ_36 /* ReadConcern.swift */; };
		OBJ_157 /* ReadPreference.swift in Sources */ = {isa = PBXBuildFile; fileRef = OBJ_37 /* ReadPreference.swift */; };
		OBJ_158 /* SDAM.swift in Sources */ = {isa = PBXBuildFile; fileRef = OBJ_38 /* SDAM.swift */; };
		OBJ_159 /* WriteConcern.swift in Sources */ = {isa = PBXBuildFile; fileRef = OBJ_39 /* WriteConcern.swift */; };
		OBJ_166 /* Package.swift in Sources */ = {isa = PBXBuildFile; fileRef = OBJ_6 /* Package.swift */; };
		OBJ_177 /* BSONValueTests.swift in Sources */ = {isa = PBXBuildFile; fileRef = OBJ_42 /* BSONValueTests.swift */; };
		OBJ_178 /* CodecTests.swift in Sources */ = {isa = PBXBuildFile; fileRef = OBJ_43 /* CodecTests.swift */; };
		OBJ_179 /* CommandMonitoringTests.swift in Sources */ = {isa = PBXBuildFile; fileRef = OBJ_44 /* CommandMonitoringTests.swift */; };
		OBJ_180 /* CrudTests.swift in Sources */ = {isa = PBXBuildFile; fileRef = OBJ_45 /* CrudTests.swift */; };
		OBJ_181 /* Document+CollectionTests.swift in Sources */ = {isa = PBXBuildFile; fileRef = OBJ_46 /* Document+CollectionTests.swift */; };
		OBJ_182 /* Document+SequenceTests.swift in Sources */ = {isa = PBXBuildFile; fileRef = OBJ_47 /* Document+SequenceTests.swift */; };
		OBJ_183 /* DocumentTests.swift in Sources */ = {isa = PBXBuildFile; fileRef = OBJ_48 /* DocumentTests.swift */; };
		OBJ_184 /* MongoClientTests.swift in Sources */ = {isa = PBXBuildFile; fileRef = OBJ_49 /* MongoClientTests.swift */; };
		OBJ_185 /* MongoCollection+BulkWriteTests.swift in Sources */ = {isa = PBXBuildFile; fileRef = OBJ_50 /* MongoCollection+BulkWriteTests.swift */; };
		OBJ_186 /* MongoCollectionTests.swift in Sources */ = {isa = PBXBuildFile; fileRef = OBJ_51 /* MongoCollectionTests.swift */; };
		OBJ_187 /* MongoDatabaseTests.swift in Sources */ = {isa = PBXBuildFile; fileRef = OBJ_52 /* MongoDatabaseTests.swift */; };
		OBJ_188 /* MongoError+Equatable.swift in Sources */ = {isa = PBXBuildFile; fileRef = OBJ_53 /* MongoError+Equatable.swift */; };
		OBJ_189 /* ReadPreferenceTests.swift in Sources */ = {isa = PBXBuildFile; fileRef = OBJ_54 /* ReadPreferenceTests.swift */; };
		OBJ_190 /* ReadWriteConcernTests.swift in Sources */ = {isa = PBXBuildFile; fileRef = OBJ_55 /* ReadWriteConcernTests.swift */; };
		OBJ_191 /* SDAMMonitoringTests.swift in Sources */ = {isa = PBXBuildFile; fileRef = OBJ_56 /* SDAMMonitoringTests.swift */; };
		OBJ_192 /* TestUtils.swift in Sources */ = {isa = PBXBuildFile; fileRef = OBJ_57 /* TestUtils.swift */; };
		OBJ_194 /* Nimble.framework in Frameworks */ = {isa = PBXBuildFile; fileRef = Nimble::Nimble::Product /* Nimble.framework */; };
		OBJ_195 /* MongoSwift.framework in Frameworks */ = {isa = PBXBuildFile; fileRef = MongoSwift::MongoSwift::Product /* MongoSwift.framework */; };
		OBJ_203 /* AdapterProtocols.swift in Sources */ = {isa = PBXBuildFile; fileRef = OBJ_65 /* AdapterProtocols.swift */; };
		OBJ_204 /* AssertionDispatcher.swift in Sources */ = {isa = PBXBuildFile; fileRef = OBJ_66 /* AssertionDispatcher.swift */; };
		OBJ_205 /* AssertionRecorder.swift in Sources */ = {isa = PBXBuildFile; fileRef = OBJ_67 /* AssertionRecorder.swift */; };
		OBJ_206 /* NMBExpectation.swift in Sources */ = {isa = PBXBuildFile; fileRef = OBJ_68 /* NMBExpectation.swift */; };
		OBJ_207 /* NMBObjCMatcher.swift in Sources */ = {isa = PBXBuildFile; fileRef = OBJ_69 /* NMBObjCMatcher.swift */; };
		OBJ_208 /* NimbleEnvironment.swift in Sources */ = {isa = PBXBuildFile; fileRef = OBJ_70 /* NimbleEnvironment.swift */; };
		OBJ_209 /* NimbleXCTestHandler.swift in Sources */ = {isa = PBXBuildFile; fileRef = OBJ_71 /* NimbleXCTestHandler.swift */; };
		OBJ_210 /* ExceptionCapture.swift in Sources */ = {isa = PBXBuildFile; fileRef = OBJ_73 /* ExceptionCapture.swift */; };
		OBJ_211 /* DSL+Wait.swift in Sources */ = {isa = PBXBuildFile; fileRef = OBJ_74 /* DSL+Wait.swift */; };
		OBJ_212 /* DSL.swift in Sources */ = {isa = PBXBuildFile; fileRef = OBJ_75 /* DSL.swift */; };
		OBJ_213 /* Expectation.swift in Sources */ = {isa = PBXBuildFile; fileRef = OBJ_76 /* Expectation.swift */; };
		OBJ_214 /* ExpectationMessage.swift in Sources */ = {isa = PBXBuildFile; fileRef = OBJ_77 /* ExpectationMessage.swift */; };
		OBJ_215 /* Expression.swift in Sources */ = {isa = PBXBuildFile; fileRef = OBJ_78 /* Expression.swift */; };
		OBJ_216 /* FailureMessage.swift in Sources */ = {isa = PBXBuildFile; fileRef = OBJ_79 /* FailureMessage.swift */; };
		OBJ_217 /* AllPass.swift in Sources */ = {isa = PBXBuildFile; fileRef = OBJ_81 /* AllPass.swift */; };
		OBJ_218 /* Async.swift in Sources */ = {isa = PBXBuildFile; fileRef = OBJ_82 /* Async.swift */; };
		OBJ_219 /* BeAKindOf.swift in Sources */ = {isa = PBXBuildFile; fileRef = OBJ_83 /* BeAKindOf.swift */; };
		OBJ_220 /* BeAnInstanceOf.swift in Sources */ = {isa = PBXBuildFile; fileRef = OBJ_84 /* BeAnInstanceOf.swift */; };
		OBJ_221 /* BeCloseTo.swift in Sources */ = {isa = PBXBuildFile; fileRef = OBJ_85 /* BeCloseTo.swift */; };
		OBJ_222 /* BeEmpty.swift in Sources */ = {isa = PBXBuildFile; fileRef = OBJ_86 /* BeEmpty.swift */; };
		OBJ_223 /* BeGreaterThan.swift in Sources */ = {isa = PBXBuildFile; fileRef = OBJ_87 /* BeGreaterThan.swift */; };
		OBJ_224 /* BeGreaterThanOrEqualTo.swift in Sources */ = {isa = PBXBuildFile; fileRef = OBJ_88 /* BeGreaterThanOrEqualTo.swift */; };
		OBJ_225 /* BeIdenticalTo.swift in Sources */ = {isa = PBXBuildFile; fileRef = OBJ_89 /* BeIdenticalTo.swift */; };
		OBJ_226 /* BeLessThan.swift in Sources */ = {isa = PBXBuildFile; fileRef = OBJ_90 /* BeLessThan.swift */; };
		OBJ_227 /* BeLessThanOrEqual.swift in Sources */ = {isa = PBXBuildFile; fileRef = OBJ_91 /* BeLessThanOrEqual.swift */; };
		OBJ_228 /* BeLogical.swift in Sources */ = {isa = PBXBuildFile; fileRef = OBJ_92 /* BeLogical.swift */; };
		OBJ_229 /* BeNil.swift in Sources */ = {isa = PBXBuildFile; fileRef = OBJ_93 /* BeNil.swift */; };
		OBJ_230 /* BeVoid.swift in Sources */ = {isa = PBXBuildFile; fileRef = OBJ_94 /* BeVoid.swift */; };
		OBJ_231 /* BeginWith.swift in Sources */ = {isa = PBXBuildFile; fileRef = OBJ_95 /* BeginWith.swift */; };
		OBJ_232 /* Contain.swift in Sources */ = {isa = PBXBuildFile; fileRef = OBJ_96 /* Contain.swift */; };
		OBJ_233 /* ContainElementSatisfying.swift in Sources */ = {isa = PBXBuildFile; fileRef = OBJ_97 /* ContainElementSatisfying.swift */; };
		OBJ_234 /* ElementsEqual.swift in Sources */ = {isa = PBXBuildFile; fileRef = OBJ_98 /* ElementsEqual.swift */; };
		OBJ_235 /* EndWith.swift in Sources */ = {isa = PBXBuildFile; fileRef = OBJ_99 /* EndWith.swift */; };
		OBJ_236 /* Equal.swift in Sources */ = {isa = PBXBuildFile; fileRef = OBJ_100 /* Equal.swift */; };
		OBJ_237 /* HaveCount.swift in Sources */ = {isa = PBXBuildFile; fileRef = OBJ_101 /* HaveCount.swift */; };
		OBJ_238 /* Match.swift in Sources */ = {isa = PBXBuildFile; fileRef = OBJ_102 /* Match.swift */; };
		OBJ_239 /* MatchError.swift in Sources */ = {isa = PBXBuildFile; fileRef = OBJ_103 /* MatchError.swift */; };
		OBJ_240 /* MatcherFunc.swift in Sources */ = {isa = PBXBuildFile; fileRef = OBJ_104 /* MatcherFunc.swift */; };
		OBJ_241 /* MatcherProtocols.swift in Sources */ = {isa = PBXBuildFile; fileRef = OBJ_105 /* MatcherProtocols.swift */; };
		OBJ_242 /* PostNotification.swift in Sources */ = {isa = PBXBuildFile; fileRef = OBJ_106 /* PostNotification.swift */; };
		OBJ_243 /* Predicate.swift in Sources */ = {isa = PBXBuildFile; fileRef = OBJ_107 /* Predicate.swift */; };
		OBJ_244 /* RaisesException.swift in Sources */ = {isa = PBXBuildFile; fileRef = OBJ_108 /* RaisesException.swift */; };
		OBJ_245 /* SatisfyAllOf.swift in Sources */ = {isa = PBXBuildFile; fileRef = OBJ_109 /* SatisfyAllOf.swift */; };
		OBJ_246 /* SatisfyAnyOf.swift in Sources */ = {isa = PBXBuildFile; fileRef = OBJ_110 /* SatisfyAnyOf.swift */; };
		OBJ_247 /* ThrowAssertion.swift in Sources */ = {isa = PBXBuildFile; fileRef = OBJ_111 /* ThrowAssertion.swift */; };
		OBJ_248 /* ThrowError.swift in Sources */ = {isa = PBXBuildFile; fileRef = OBJ_112 /* ThrowError.swift */; };
		OBJ_249 /* ToSucceed.swift in Sources */ = {isa = PBXBuildFile; fileRef = OBJ_113 /* ToSucceed.swift */; };
		OBJ_250 /* Await.swift in Sources */ = {isa = PBXBuildFile; fileRef = OBJ_115 /* Await.swift */; };
		OBJ_251 /* Errors.swift in Sources */ = {isa = PBXBuildFile; fileRef = OBJ_116 /* Errors.swift */; };
		OBJ_252 /* Functional.swift in Sources */ = {isa = PBXBuildFile; fileRef = OBJ_117 /* Functional.swift */; };
		OBJ_253 /* SourceLocation.swift in Sources */ = {isa = PBXBuildFile; fileRef = OBJ_118 /* SourceLocation.swift */; };
		OBJ_254 /* Stringers.swift in Sources */ = {isa = PBXBuildFile; fileRef = OBJ_119 /* Stringers.swift */; };
		OBJ_261 /* Package.swift in Sources */ = {isa = PBXBuildFile; fileRef = OBJ_120 /* Package.swift */; };
/* End PBXBuildFile section */

/* Begin PBXFileReference section */
		09ECC2C20EE3EC3775EE0B19 /* crud */ = {isa = PBXFileReference; includeInIndex = 1; path = ./Tests/Specs/crud; sourceTree = SOURCE_ROOT; };
		86F519E7CF33A2DE1E35E444 /* command-monitoring */ = {isa = PBXFileReference; includeInIndex = 1; path = "./Tests/Specs/command-monitoring"; sourceTree = SOURCE_ROOT; };
		B7BEAC40E2C4B2767E10C9D3 /* read-write-concern */ = {isa = PBXFileReference; includeInIndex = 1; path = "./Tests/Specs/read-write-concern"; sourceTree = SOURCE_ROOT; };
		BAFE248AF780E8BE01A479A4 /* bson-corpus */ = {isa = PBXFileReference; includeInIndex = 1; path = "./Tests/Specs/bson-corpus"; sourceTree = SOURCE_ROOT; };
		MongoSwift::MongoSwift::Product /* MongoSwift.framework */ = {isa = PBXFileReference; path = MongoSwift.framework; sourceTree = BUILT_PRODUCTS_DIR; };
		MongoSwift::MongoSwiftTests::Product /* MongoSwiftTests.xctest */ = {isa = PBXFileReference; path = MongoSwiftTests.xctest; sourceTree = BUILT_PRODUCTS_DIR; };
		Nimble::Nimble::Product /* Nimble.framework */ = {isa = PBXFileReference; path = Nimble.framework; sourceTree = BUILT_PRODUCTS_DIR; };
		OBJ_100 /* Equal.swift */ = {isa = PBXFileReference; path = Equal.swift; sourceTree = "<group>"; };
		OBJ_101 /* HaveCount.swift */ = {isa = PBXFileReference; path = HaveCount.swift; sourceTree = "<group>"; };
		OBJ_102 /* Match.swift */ = {isa = PBXFileReference; path = Match.swift; sourceTree = "<group>"; };
		OBJ_103 /* MatchError.swift */ = {isa = PBXFileReference; path = MatchError.swift; sourceTree = "<group>"; };
		OBJ_104 /* MatcherFunc.swift */ = {isa = PBXFileReference; path = MatcherFunc.swift; sourceTree = "<group>"; };
		OBJ_105 /* MatcherProtocols.swift */ = {isa = PBXFileReference; path = MatcherProtocols.swift; sourceTree = "<group>"; };
		OBJ_106 /* PostNotification.swift */ = {isa = PBXFileReference; path = PostNotification.swift; sourceTree = "<group>"; };
		OBJ_107 /* Predicate.swift */ = {isa = PBXFileReference; path = Predicate.swift; sourceTree = "<group>"; };
		OBJ_108 /* RaisesException.swift */ = {isa = PBXFileReference; path = RaisesException.swift; sourceTree = "<group>"; };
		OBJ_109 /* SatisfyAllOf.swift */ = {isa = PBXFileReference; path = SatisfyAllOf.swift; sourceTree = "<group>"; };
		OBJ_11 /* AnyBSONValue.swift */ = {isa = PBXFileReference; path = AnyBSONValue.swift; sourceTree = "<group>"; };
		OBJ_110 /* SatisfyAnyOf.swift */ = {isa = PBXFileReference; path = SatisfyAnyOf.swift; sourceTree = "<group>"; };
		OBJ_111 /* ThrowAssertion.swift */ = {isa = PBXFileReference; path = ThrowAssertion.swift; sourceTree = "<group>"; };
		OBJ_112 /* ThrowError.swift */ = {isa = PBXFileReference; path = ThrowError.swift; sourceTree = "<group>"; };
		OBJ_113 /* ToSucceed.swift */ = {isa = PBXFileReference; path = ToSucceed.swift; sourceTree = "<group>"; };
		OBJ_115 /* Await.swift */ = {isa = PBXFileReference; path = Await.swift; sourceTree = "<group>"; };
		OBJ_116 /* Errors.swift */ = {isa = PBXFileReference; path = Errors.swift; sourceTree = "<group>"; };
		OBJ_117 /* Functional.swift */ = {isa = PBXFileReference; path = Functional.swift; sourceTree = "<group>"; };
		OBJ_118 /* SourceLocation.swift */ = {isa = PBXFileReference; path = SourceLocation.swift; sourceTree = "<group>"; };
		OBJ_119 /* Stringers.swift */ = {isa = PBXFileReference; path = Stringers.swift; sourceTree = "<group>"; };
		OBJ_12 /* BSONDecoder.swift */ = {isa = PBXFileReference; path = BSONDecoder.swift; sourceTree = "<group>"; };
		OBJ_120 /* Package.swift */ = {isa = PBXFileReference; explicitFileType = sourcecode.swift; name = Package.swift; path = "/Users/tobias/Development/swift/forks/mongo-swift-driver/.build/checkouts/Nimble.git-9114803075012709972/Package.swift"; sourceTree = "<group>"; };
		OBJ_13 /* BSONEncoder.swift */ = {isa = PBXFileReference; path = BSONEncoder.swift; sourceTree = "<group>"; };
		OBJ_14 /* BSONValue.swift */ = {isa = PBXFileReference; path = BSONValue.swift; sourceTree = "<group>"; };
		OBJ_15 /* CodableNumber.swift */ = {isa = PBXFileReference; path = CodableNumber.swift; sourceTree = "<group>"; };
		OBJ_16 /* CodingStrategies.swift */ = {isa = PBXFileReference; path = CodingStrategies.swift; sourceTree = "<group>"; };
		OBJ_17 /* Document+Codable.swift */ = {isa = PBXFileReference; path = "Document+Codable.swift"; sourceTree = "<group>"; };
		OBJ_18 /* Document+Collection.swift */ = {isa = PBXFileReference; path = "Document+Collection.swift"; sourceTree = "<group>"; };
		OBJ_19 /* Document+Sequence.swift */ = {isa = PBXFileReference; path = "Document+Sequence.swift"; sourceTree = "<group>"; };
		OBJ_20 /* Document.swift */ = {isa = PBXFileReference; path = Document.swift; sourceTree = "<group>"; };
		OBJ_21 /* DocumentIterator.swift */ = {isa = PBXFileReference; path = DocumentIterator.swift; sourceTree = "<group>"; };
		OBJ_22 /* Overwritable.swift */ = {isa = PBXFileReference; path = Overwritable.swift; sourceTree = "<group>"; };
		OBJ_23 /* ClientSession.swift */ = {isa = PBXFileReference; path = ClientSession.swift; sourceTree = "<group>"; };
		OBJ_24 /* MongoClient.swift */ = {isa = PBXFileReference; path = MongoClient.swift; sourceTree = "<group>"; };
		OBJ_25 /* MongoClientPool.swift */ = {isa = PBXFileReference; path = MongoClientPool.swift; sourceTree = "<group>"; };
		OBJ_26 /* MongoCollection+BulkWrite.swift */ = {isa = PBXFileReference; path = "MongoCollection+BulkWrite.swift"; sourceTree = "<group>"; };
		OBJ_27 /* MongoCollection+FindAndModify.swift */ = {isa = PBXFileReference; path = "MongoCollection+FindAndModify.swift"; sourceTree = "<group>"; };
		OBJ_28 /* MongoCollection+Indexes.swift */ = {isa = PBXFileReference; path = "MongoCollection+Indexes.swift"; sourceTree = "<group>"; };
		OBJ_29 /* MongoCollection+Read.swift */ = {isa = PBXFileReference; path = "MongoCollection+Read.swift"; sourceTree = "<group>"; };
		OBJ_30 /* MongoCollection+Write.swift */ = {isa = PBXFileReference; path = "MongoCollection+Write.swift"; sourceTree = "<group>"; };
		OBJ_31 /* MongoCollection.swift */ = {isa = PBXFileReference; path = MongoCollection.swift; sourceTree = "<group>"; };
		OBJ_32 /* MongoCursor.swift */ = {isa = PBXFileReference; path = MongoCursor.swift; sourceTree = "<group>"; };
		OBJ_33 /* MongoDatabase.swift */ = {isa = PBXFileReference; path = MongoDatabase.swift; sourceTree = "<group>"; };
		OBJ_34 /* MongoError.swift */ = {isa = PBXFileReference; path = MongoError.swift; sourceTree = "<group>"; };
		OBJ_35 /* MongoSwift.swift */ = {isa = PBXFileReference; path = MongoSwift.swift; sourceTree = "<group>"; };
		OBJ_36 /* ReadConcern.swift */ = {isa = PBXFileReference; path = ReadConcern.swift; sourceTree = "<group>"; };
		OBJ_37 /* ReadPreference.swift */ = {isa = PBXFileReference; path = ReadPreference.swift; sourceTree = "<group>"; };
		OBJ_38 /* SDAM.swift */ = {isa = PBXFileReference; path = SDAM.swift; sourceTree = "<group>"; };
		OBJ_39 /* WriteConcern.swift */ = {isa = PBXFileReference; path = WriteConcern.swift; sourceTree = "<group>"; };
		OBJ_42 /* BSONValueTests.swift */ = {isa = PBXFileReference; path = BSONValueTests.swift; sourceTree = "<group>"; };
		OBJ_43 /* CodecTests.swift */ = {isa = PBXFileReference; path = CodecTests.swift; sourceTree = "<group>"; };
		OBJ_44 /* CommandMonitoringTests.swift */ = {isa = PBXFileReference; path = CommandMonitoringTests.swift; sourceTree = "<group>"; };
		OBJ_45 /* CrudTests.swift */ = {isa = PBXFileReference; path = CrudTests.swift; sourceTree = "<group>"; };
		OBJ_46 /* Document+CollectionTests.swift */ = {isa = PBXFileReference; path = "Document+CollectionTests.swift"; sourceTree = "<group>"; };
		OBJ_47 /* Document+SequenceTests.swift */ = {isa = PBXFileReference; path = "Document+SequenceTests.swift"; sourceTree = "<group>"; };
		OBJ_48 /* DocumentTests.swift */ = {isa = PBXFileReference; path = DocumentTests.swift; sourceTree = "<group>"; };
		OBJ_49 /* MongoClientTests.swift */ = {isa = PBXFileReference; path = MongoClientTests.swift; sourceTree = "<group>"; };
		OBJ_50 /* MongoCollection+BulkWriteTests.swift */ = {isa = PBXFileReference; path = "MongoCollection+BulkWriteTests.swift"; sourceTree = "<group>"; };
		OBJ_51 /* MongoCollectionTests.swift */ = {isa = PBXFileReference; path = MongoCollectionTests.swift; sourceTree = "<group>"; };
		OBJ_52 /* MongoDatabaseTests.swift */ = {isa = PBXFileReference; path = MongoDatabaseTests.swift; sourceTree = "<group>"; };
		OBJ_53 /* MongoError+Equatable.swift */ = {isa = PBXFileReference; path = "MongoError+Equatable.swift"; sourceTree = "<group>"; };
		OBJ_54 /* ReadPreferenceTests.swift */ = {isa = PBXFileReference; path = ReadPreferenceTests.swift; sourceTree = "<group>"; };
		OBJ_55 /* ReadWriteConcernTests.swift */ = {isa = PBXFileReference; path = ReadWriteConcernTests.swift; sourceTree = "<group>"; };
		OBJ_56 /* SDAMMonitoringTests.swift */ = {isa = PBXFileReference; path = SDAMMonitoringTests.swift; sourceTree = "<group>"; };
		OBJ_57 /* TestUtils.swift */ = {isa = PBXFileReference; path = TestUtils.swift; sourceTree = "<group>"; };
		OBJ_58 /* docs */ = {isa = PBXFileReference; path = docs; sourceTree = SOURCE_ROOT; };
		OBJ_59 /* Guides */ = {isa = PBXFileReference; path = Guides; sourceTree = SOURCE_ROOT; };
		OBJ_6 /* Package.swift */ = {isa = PBXFileReference; explicitFileType = sourcecode.swift; path = Package.swift; sourceTree = "<group>"; };
		OBJ_60 /* Examples */ = {isa = PBXFileReference; path = Examples; sourceTree = SOURCE_ROOT; };
		OBJ_65 /* AdapterProtocols.swift */ = {isa = PBXFileReference; path = AdapterProtocols.swift; sourceTree = "<group>"; };
		OBJ_66 /* AssertionDispatcher.swift */ = {isa = PBXFileReference; path = AssertionDispatcher.swift; sourceTree = "<group>"; };
		OBJ_67 /* AssertionRecorder.swift */ = {isa = PBXFileReference; path = AssertionRecorder.swift; sourceTree = "<group>"; };
		OBJ_68 /* NMBExpectation.swift */ = {isa = PBXFileReference; path = NMBExpectation.swift; sourceTree = "<group>"; };
		OBJ_69 /* NMBObjCMatcher.swift */ = {isa = PBXFileReference; path = NMBObjCMatcher.swift; sourceTree = "<group>"; };
		OBJ_70 /* NimbleEnvironment.swift */ = {isa = PBXFileReference; path = NimbleEnvironment.swift; sourceTree = "<group>"; };
		OBJ_71 /* NimbleXCTestHandler.swift */ = {isa = PBXFileReference; path = NimbleXCTestHandler.swift; sourceTree = "<group>"; };
		OBJ_73 /* ExceptionCapture.swift */ = {isa = PBXFileReference; path = ExceptionCapture.swift; sourceTree = "<group>"; };
		OBJ_74 /* DSL+Wait.swift */ = {isa = PBXFileReference; path = "DSL+Wait.swift"; sourceTree = "<group>"; };
		OBJ_75 /* DSL.swift */ = {isa = PBXFileReference; path = DSL.swift; sourceTree = "<group>"; };
		OBJ_76 /* Expectation.swift */ = {isa = PBXFileReference; path = Expectation.swift; sourceTree = "<group>"; };
		OBJ_77 /* ExpectationMessage.swift */ = {isa = PBXFileReference; path = ExpectationMessage.swift; sourceTree = "<group>"; };
		OBJ_78 /* Expression.swift */ = {isa = PBXFileReference; path = Expression.swift; sourceTree = "<group>"; };
		OBJ_79 /* FailureMessage.swift */ = {isa = PBXFileReference; path = FailureMessage.swift; sourceTree = "<group>"; };
		OBJ_81 /* AllPass.swift */ = {isa = PBXFileReference; path = AllPass.swift; sourceTree = "<group>"; };
		OBJ_82 /* Async.swift */ = {isa = PBXFileReference; path = Async.swift; sourceTree = "<group>"; };
		OBJ_83 /* BeAKindOf.swift */ = {isa = PBXFileReference; path = BeAKindOf.swift; sourceTree = "<group>"; };
		OBJ_84 /* BeAnInstanceOf.swift */ = {isa = PBXFileReference; path = BeAnInstanceOf.swift; sourceTree = "<group>"; };
		OBJ_85 /* BeCloseTo.swift */ = {isa = PBXFileReference; path = BeCloseTo.swift; sourceTree = "<group>"; };
		OBJ_86 /* BeEmpty.swift */ = {isa = PBXFileReference; path = BeEmpty.swift; sourceTree = "<group>"; };
		OBJ_87 /* BeGreaterThan.swift */ = {isa = PBXFileReference; path = BeGreaterThan.swift; sourceTree = "<group>"; };
		OBJ_88 /* BeGreaterThanOrEqualTo.swift */ = {isa = PBXFileReference; path = BeGreaterThanOrEqualTo.swift; sourceTree = "<group>"; };
		OBJ_89 /* BeIdenticalTo.swift */ = {isa = PBXFileReference; path = BeIdenticalTo.swift; sourceTree = "<group>"; };
		OBJ_9 /* APM.swift */ = {isa = PBXFileReference; path = APM.swift; sourceTree = "<group>"; };
		OBJ_90 /* BeLessThan.swift */ = {isa = PBXFileReference; path = BeLessThan.swift; sourceTree = "<group>"; };
		OBJ_91 /* BeLessThanOrEqual.swift */ = {isa = PBXFileReference; path = BeLessThanOrEqual.swift; sourceTree = "<group>"; };
		OBJ_92 /* BeLogical.swift */ = {isa = PBXFileReference; path = BeLogical.swift; sourceTree = "<group>"; };
		OBJ_93 /* BeNil.swift */ = {isa = PBXFileReference; path = BeNil.swift; sourceTree = "<group>"; };
		OBJ_94 /* BeVoid.swift */ = {isa = PBXFileReference; path = BeVoid.swift; sourceTree = "<group>"; };
		OBJ_95 /* BeginWith.swift */ = {isa = PBXFileReference; path = BeginWith.swift; sourceTree = "<group>"; };
		OBJ_96 /* Contain.swift */ = {isa = PBXFileReference; path = Contain.swift; sourceTree = "<group>"; };
		OBJ_97 /* ContainElementSatisfying.swift */ = {isa = PBXFileReference; path = ContainElementSatisfying.swift; sourceTree = "<group>"; };
		OBJ_98 /* ElementsEqual.swift */ = {isa = PBXFileReference; path = ElementsEqual.swift; sourceTree = "<group>"; };
		OBJ_99 /* EndWith.swift */ = {isa = PBXFileReference; path = EndWith.swift; sourceTree = "<group>"; };
/* End PBXFileReference section */

/* Begin PBXFrameworksBuildPhase section */
		OBJ_160 /* Frameworks */ = {
			isa = PBXFrameworksBuildPhase;
			files = (
			);
		};
		OBJ_193 /* Frameworks */ = {
			isa = PBXFrameworksBuildPhase;
			files = (
				OBJ_194 /* Nimble.framework in Frameworks */,
				OBJ_195 /* MongoSwift.framework in Frameworks */,
			);
		};
		OBJ_255 /* Frameworks */ = {
			isa = PBXFrameworksBuildPhase;
			files = (
			);
		};
/* End PBXFrameworksBuildPhase section */

/* Begin PBXGroup section */
		OBJ_10 /* BSON */ = {
			isa = PBXGroup;
			children = (
				OBJ_11 /* AnyBSONValue.swift */,
				OBJ_12 /* BSONDecoder.swift */,
				OBJ_13 /* BSONEncoder.swift */,
				OBJ_14 /* BSONValue.swift */,
				OBJ_15 /* CodableNumber.swift */,
				OBJ_16 /* CodingStrategies.swift */,
				OBJ_17 /* Document+Codable.swift */,
				OBJ_18 /* Document+Collection.swift */,
				OBJ_19 /* Document+Sequence.swift */,
				OBJ_20 /* Document.swift */,
				OBJ_21 /* DocumentIterator.swift */,
				OBJ_22 /* Overwritable.swift */,
			);
			name = BSON;
			path = BSON;
			sourceTree = "<group>";
		};
		OBJ_114 /* Utils */ = {
			isa = PBXGroup;
			children = (
				OBJ_115 /* Await.swift */,
				OBJ_116 /* Errors.swift */,
				OBJ_117 /* Functional.swift */,
				OBJ_118 /* SourceLocation.swift */,
				OBJ_119 /* Stringers.swift */,
			);
			name = Utils;
			path = Utils;
			sourceTree = "<group>";
		};
		OBJ_121 /* Products */ = {
			isa = PBXGroup;
			children = (
				MongoSwift::MongoSwift::Product /* MongoSwift.framework */,
				MongoSwift::MongoSwiftTests::Product /* MongoSwiftTests.xctest */,
				Nimble::Nimble::Product /* Nimble.framework */,
			);
			name = Products;
			path = "";
			sourceTree = BUILT_PRODUCTS_DIR;
		};
		OBJ_40 /* Tests */ = {
			isa = PBXGroup;
			children = (
				OBJ_41 /* MongoSwiftTests */,
			);
			name = Tests;
			path = "";
			sourceTree = SOURCE_ROOT;
		};
		OBJ_41 /* MongoSwiftTests */ = {
			isa = PBXGroup;
			children = (
				OBJ_42 /* BSONValueTests.swift */,
				OBJ_43 /* CodecTests.swift */,
				OBJ_44 /* CommandMonitoringTests.swift */,
				OBJ_45 /* CrudTests.swift */,
				OBJ_46 /* Document+CollectionTests.swift */,
				OBJ_47 /* Document+SequenceTests.swift */,
				OBJ_48 /* DocumentTests.swift */,
				OBJ_49 /* MongoClientTests.swift */,
				OBJ_50 /* MongoCollection+BulkWriteTests.swift */,
				OBJ_51 /* MongoCollectionTests.swift */,
				OBJ_52 /* MongoDatabaseTests.swift */,
				OBJ_53 /* MongoError+Equatable.swift */,
				OBJ_54 /* ReadPreferenceTests.swift */,
				OBJ_55 /* ReadWriteConcernTests.swift */,
				OBJ_56 /* SDAMMonitoringTests.swift */,
				OBJ_57 /* TestUtils.swift */,
			);
			name = MongoSwiftTests;
			path = Tests/MongoSwiftTests;
			sourceTree = SOURCE_ROOT;
		};
		OBJ_5 = {
			isa = PBXGroup;
			children = (
				OBJ_6 /* Package.swift */,
				OBJ_7 /* Sources */,
				OBJ_40 /* Tests */,
				OBJ_58 /* docs */,
				OBJ_59 /* Guides */,
				OBJ_60 /* Examples */,
				OBJ_61 /* Dependencies */,
				OBJ_121 /* Products */,
			);
			path = "";
			sourceTree = "<group>";
		};
		OBJ_61 /* Dependencies */ = {
			isa = PBXGroup;
			children = (
				OBJ_62 /* Nimble 8.0.1 */,
			);
			name = Dependencies;
			path = "";
			sourceTree = "<group>";
		};
		OBJ_62 /* Nimble 8.0.1 */ = {
			isa = PBXGroup;
			children = (
				OBJ_63 /* Nimble */,
				OBJ_120 /* Package.swift */,
			);
			name = "Nimble 8.0.1";
			path = "";
			sourceTree = SOURCE_ROOT;
		};
		OBJ_63 /* Nimble */ = {
			isa = PBXGroup;
			children = (
				OBJ_64 /* Adapters */,
				OBJ_74 /* DSL+Wait.swift */,
				OBJ_75 /* DSL.swift */,
				OBJ_76 /* Expectation.swift */,
				OBJ_77 /* ExpectationMessage.swift */,
				OBJ_78 /* Expression.swift */,
				OBJ_79 /* FailureMessage.swift */,
				OBJ_80 /* Matchers */,
				OBJ_114 /* Utils */,
			);
			name = Nimble;
			path = ".build/checkouts/Nimble.git-9114803075012709972/Sources/Nimble";
			sourceTree = SOURCE_ROOT;
		};
		OBJ_64 /* Adapters */ = {
			isa = PBXGroup;
			children = (
				OBJ_65 /* AdapterProtocols.swift */,
				OBJ_66 /* AssertionDispatcher.swift */,
				OBJ_67 /* AssertionRecorder.swift */,
				OBJ_68 /* NMBExpectation.swift */,
				OBJ_69 /* NMBObjCMatcher.swift */,
				OBJ_70 /* NimbleEnvironment.swift */,
				OBJ_71 /* NimbleXCTestHandler.swift */,
				OBJ_72 /* NonObjectiveC */,
			);
			name = Adapters;
			path = Adapters;
			sourceTree = "<group>";
		};
		OBJ_7 /* Sources */ = {
			isa = PBXGroup;
			children = (
				OBJ_8 /* MongoSwift */,
			);
			name = Sources;
			path = "";
			sourceTree = SOURCE_ROOT;
		};
		OBJ_72 /* NonObjectiveC */ = {
			isa = PBXGroup;
			children = (
				OBJ_73 /* ExceptionCapture.swift */,
			);
			name = NonObjectiveC;
			path = NonObjectiveC;
			sourceTree = "<group>";
		};
		OBJ_8 /* MongoSwift */ = {
			isa = PBXGroup;
			children = (
				OBJ_9 /* APM.swift */,
				OBJ_10 /* BSON */,
				OBJ_23 /* ClientSession.swift */,
				OBJ_24 /* MongoClient.swift */,
				OBJ_25 /* MongoClientPool.swift */,
				OBJ_26 /* MongoCollection+BulkWrite.swift */,
				OBJ_27 /* MongoCollection+FindAndModify.swift */,
				OBJ_28 /* MongoCollection+Indexes.swift */,
				OBJ_29 /* MongoCollection+Read.swift */,
				OBJ_30 /* MongoCollection+Write.swift */,
				OBJ_31 /* MongoCollection.swift */,
				OBJ_32 /* MongoCursor.swift */,
				OBJ_33 /* MongoDatabase.swift */,
				OBJ_34 /* MongoError.swift */,
				OBJ_35 /* MongoSwift.swift */,
				OBJ_36 /* ReadConcern.swift */,
				OBJ_37 /* ReadPreference.swift */,
				OBJ_38 /* SDAM.swift */,
				OBJ_39 /* WriteConcern.swift */,
			);
			name = MongoSwift;
			path = Sources/MongoSwift;
			sourceTree = SOURCE_ROOT;
		};
		OBJ_80 /* Matchers */ = {
			isa = PBXGroup;
			children = (
				OBJ_81 /* AllPass.swift */,
				OBJ_82 /* Async.swift */,
				OBJ_83 /* BeAKindOf.swift */,
				OBJ_84 /* BeAnInstanceOf.swift */,
				OBJ_85 /* BeCloseTo.swift */,
				OBJ_86 /* BeEmpty.swift */,
				OBJ_87 /* BeGreaterThan.swift */,
				OBJ_88 /* BeGreaterThanOrEqualTo.swift */,
				OBJ_89 /* BeIdenticalTo.swift */,
				OBJ_90 /* BeLessThan.swift */,
				OBJ_91 /* BeLessThanOrEqual.swift */,
				OBJ_92 /* BeLogical.swift */,
				OBJ_93 /* BeNil.swift */,
				OBJ_94 /* BeVoid.swift */,
				OBJ_95 /* BeginWith.swift */,
				OBJ_96 /* Contain.swift */,
				OBJ_97 /* ContainElementSatisfying.swift */,
				OBJ_98 /* ElementsEqual.swift */,
				OBJ_99 /* EndWith.swift */,
				OBJ_100 /* Equal.swift */,
				OBJ_101 /* HaveCount.swift */,
				OBJ_102 /* Match.swift */,
				OBJ_103 /* MatchError.swift */,
				OBJ_104 /* MatcherFunc.swift */,
				OBJ_105 /* MatcherProtocols.swift */,
				OBJ_106 /* PostNotification.swift */,
				OBJ_107 /* Predicate.swift */,
				OBJ_108 /* RaisesException.swift */,
				OBJ_109 /* SatisfyAllOf.swift */,
				OBJ_110 /* SatisfyAnyOf.swift */,
				OBJ_111 /* ThrowAssertion.swift */,
				OBJ_112 /* ThrowError.swift */,
				OBJ_113 /* ToSucceed.swift */,
			);
			name = Matchers;
			path = Matchers;
			sourceTree = "<group>";
		};
/* End PBXGroup section */

/* Begin PBXNativeTarget section */
		MongoSwift::MongoSwift /* MongoSwift */ = {
			isa = PBXNativeTarget;
			buildConfigurationList = OBJ_126 /* Build configuration list for PBXNativeTarget "MongoSwift" */;
			buildPhases = (
				OBJ_129 /* Sources */,
				OBJ_160 /* Frameworks */,
			);
			buildRules = (
			);
			dependencies = (
			);
			name = MongoSwift;
			productName = MongoSwift;
			productReference = MongoSwift::MongoSwift::Product /* MongoSwift.framework */;
			productType = "com.apple.product-type.framework";
		};
		MongoSwift::MongoSwiftTests /* MongoSwiftTests */ = {
			isa = PBXNativeTarget;
			buildConfigurationList = OBJ_173 /* Build configuration list for PBXNativeTarget "MongoSwiftTests" */;
			buildPhases = (
				OBJ_176 /* Sources */,
				OBJ_193 /* Frameworks */,
				9B34AFC559ACED4F59DAD328 /* Resources */,
			);
			buildRules = (
			);
			dependencies = (
				OBJ_196 /* PBXTargetDependency */,
				OBJ_198 /* PBXTargetDependency */,
			);
			name = MongoSwiftTests;
			productName = MongoSwiftTests;
			productReference = MongoSwift::MongoSwiftTests::Product /* MongoSwiftTests.xctest */;
			productType = "com.apple.product-type.bundle.unit-test";
		};
		MongoSwift::SwiftPMPackageDescription /* MongoSwiftPackageDescription */ = {
			isa = PBXNativeTarget;
			buildConfigurationList = OBJ_162 /* Build configuration list for PBXNativeTarget "MongoSwiftPackageDescription" */;
			buildPhases = (
				OBJ_165 /* Sources */,
			);
			buildRules = (
			);
			dependencies = (
			);
			name = MongoSwiftPackageDescription;
			productName = MongoSwiftPackageDescription;
			productType = "com.apple.product-type.framework";
		};
		Nimble::Nimble /* Nimble */ = {
			isa = PBXNativeTarget;
			buildConfigurationList = OBJ_199 /* Build configuration list for PBXNativeTarget "Nimble" */;
			buildPhases = (
				OBJ_202 /* Sources */,
				OBJ_255 /* Frameworks */,
			);
			buildRules = (
			);
			dependencies = (
			);
			name = Nimble;
			productName = Nimble;
			productReference = Nimble::Nimble::Product /* Nimble.framework */;
			productType = "com.apple.product-type.framework";
		};
		Nimble::SwiftPMPackageDescription /* NimblePackageDescription */ = {
			isa = PBXNativeTarget;
			buildConfigurationList = OBJ_257 /* Build configuration list for PBXNativeTarget "NimblePackageDescription" */;
			buildPhases = (
				OBJ_260 /* Sources */,
			);
			buildRules = (
			);
			dependencies = (
			);
			name = NimblePackageDescription;
			productName = NimblePackageDescription;
			productType = "com.apple.product-type.framework";
		};
/* End PBXNativeTarget section */

/* Begin PBXProject section */
		OBJ_1 /* Project object */ = {
			isa = PBXProject;
			attributes = {
				LastUpgradeCheck = 9999;
			};
			buildConfigurationList = OBJ_2 /* Build configuration list for PBXProject "MongoSwift" */;
			compatibilityVersion = "Xcode 3.2";
			developmentRegion = English;
			hasScannedForEncodings = 0;
			knownRegions = (
				en,
			);
			mainGroup = OBJ_5;
			productRefGroup = OBJ_121 /* Products */;
			projectDirPath = .;
			targets = (
				MongoSwift::MongoSwift /* MongoSwift */,
				MongoSwift::SwiftPMPackageDescription /* MongoSwiftPackageDescription */,
				MongoSwift::MongoSwiftPackageTests::ProductTarget /* MongoSwiftPackageTests */,
				MongoSwift::MongoSwiftTests /* MongoSwiftTests */,
				Nimble::Nimble /* Nimble */,
				Nimble::SwiftPMPackageDescription /* NimblePackageDescription */,
				bson::bson::ProductTarget /* bson */,
				mongoc::mongoc::ProductTarget /* mongoc */,
			);
		};
/* End PBXProject section */

/* Begin PBXResourcesBuildPhase section */
		9B34AFC559ACED4F59DAD328 /* Resources */ = {
			isa = PBXResourcesBuildPhase;
			buildActionMask = 2147483647;
			files = (
				4FE8B9F2B586D187FA32F53C /* crud in Resources */,
				65759BE0FE23596B02EBF8EB /* command-monitoring in Resources */,
				41E74167378B9911EB9C25A2 /* bson-corpus in Resources */,
				905C9ECDE43B832DD8B43890 /* read-write-concern in Resources */,
			);
			runOnlyForDeploymentPostprocessing = 0;
		};
/* End PBXResourcesBuildPhase section */

/* Begin PBXSourcesBuildPhase section */
		OBJ_129 /* Sources */ = {
			isa = PBXSourcesBuildPhase;
			files = (
				OBJ_130 /* APM.swift in Sources */,
				OBJ_131 /* AnyBSONValue.swift in Sources */,
				OBJ_132 /* BSONDecoder.swift in Sources */,
				OBJ_133 /* BSONEncoder.swift in Sources */,
				OBJ_134 /* BSONValue.swift in Sources */,
				OBJ_135 /* CodableNumber.swift in Sources */,
				OBJ_136 /* CodingStrategies.swift in Sources */,
				OBJ_137 /* Document+Codable.swift in Sources */,
				OBJ_138 /* Document+Collection.swift in Sources */,
				OBJ_139 /* Document+Sequence.swift in Sources */,
				OBJ_140 /* Document.swift in Sources */,
				OBJ_141 /* DocumentIterator.swift in Sources */,
				OBJ_142 /* Overwritable.swift in Sources */,
				OBJ_143 /* ClientSession.swift in Sources */,
				OBJ_144 /* MongoClient.swift in Sources */,
				OBJ_145 /* MongoClientPool.swift in Sources */,
				OBJ_146 /* MongoCollection+BulkWrite.swift in Sources */,
				OBJ_147 /* MongoCollection+FindAndModify.swift in Sources */,
				OBJ_148 /* MongoCollection+Indexes.swift in Sources */,
				OBJ_149 /* MongoCollection+Read.swift in Sources */,
				OBJ_150 /* MongoCollection+Write.swift in Sources */,
				OBJ_151 /* MongoCollection.swift in Sources */,
				OBJ_152 /* MongoCursor.swift in Sources */,
				OBJ_153 /* MongoDatabase.swift in Sources */,
				OBJ_154 /* MongoError.swift in Sources */,
				OBJ_155 /* MongoSwift.swift in Sources */,
				OBJ_156 /* ReadConcern.swift in Sources */,
				OBJ_157 /* ReadPreference.swift in Sources */,
				OBJ_158 /* SDAM.swift in Sources */,
				OBJ_159 /* WriteConcern.swift in Sources */,
			);
		};
		OBJ_165 /* Sources */ = {
			isa = PBXSourcesBuildPhase;
			files = (
				OBJ_166 /* Package.swift in Sources */,
			);
		};
		OBJ_176 /* Sources */ = {
			isa = PBXSourcesBuildPhase;
			files = (
				OBJ_177 /* BSONValueTests.swift in Sources */,
				OBJ_178 /* CodecTests.swift in Sources */,
				OBJ_179 /* CommandMonitoringTests.swift in Sources */,
				OBJ_180 /* CrudTests.swift in Sources */,
				OBJ_181 /* Document+CollectionTests.swift in Sources */,
				OBJ_182 /* Document+SequenceTests.swift in Sources */,
				OBJ_183 /* DocumentTests.swift in Sources */,
				OBJ_184 /* MongoClientTests.swift in Sources */,
				OBJ_185 /* MongoCollection+BulkWriteTests.swift in Sources */,
				OBJ_186 /* MongoCollectionTests.swift in Sources */,
				OBJ_187 /* MongoDatabaseTests.swift in Sources */,
				OBJ_188 /* MongoError+Equatable.swift in Sources */,
				OBJ_189 /* ReadPreferenceTests.swift in Sources */,
				OBJ_190 /* ReadWriteConcernTests.swift in Sources */,
				OBJ_191 /* SDAMMonitoringTests.swift in Sources */,
				OBJ_192 /* TestUtils.swift in Sources */,
			);
		};
		OBJ_202 /* Sources */ = {
			isa = PBXSourcesBuildPhase;
			files = (
				OBJ_203 /* AdapterProtocols.swift in Sources */,
				OBJ_204 /* AssertionDispatcher.swift in Sources */,
				OBJ_205 /* AssertionRecorder.swift in Sources */,
				OBJ_206 /* NMBExpectation.swift in Sources */,
				OBJ_207 /* NMBObjCMatcher.swift in Sources */,
				OBJ_208 /* NimbleEnvironment.swift in Sources */,
				OBJ_209 /* NimbleXCTestHandler.swift in Sources */,
				OBJ_210 /* ExceptionCapture.swift in Sources */,
				OBJ_211 /* DSL+Wait.swift in Sources */,
				OBJ_212 /* DSL.swift in Sources */,
				OBJ_213 /* Expectation.swift in Sources */,
				OBJ_214 /* ExpectationMessage.swift in Sources */,
				OBJ_215 /* Expression.swift in Sources */,
				OBJ_216 /* FailureMessage.swift in Sources */,
				OBJ_217 /* AllPass.swift in Sources */,
				OBJ_218 /* Async.swift in Sources */,
				OBJ_219 /* BeAKindOf.swift in Sources */,
				OBJ_220 /* BeAnInstanceOf.swift in Sources */,
				OBJ_221 /* BeCloseTo.swift in Sources */,
				OBJ_222 /* BeEmpty.swift in Sources */,
				OBJ_223 /* BeGreaterThan.swift in Sources */,
				OBJ_224 /* BeGreaterThanOrEqualTo.swift in Sources */,
				OBJ_225 /* BeIdenticalTo.swift in Sources */,
				OBJ_226 /* BeLessThan.swift in Sources */,
				OBJ_227 /* BeLessThanOrEqual.swift in Sources */,
				OBJ_228 /* BeLogical.swift in Sources */,
				OBJ_229 /* BeNil.swift in Sources */,
				OBJ_230 /* BeVoid.swift in Sources */,
				OBJ_231 /* BeginWith.swift in Sources */,
				OBJ_232 /* Contain.swift in Sources */,
				OBJ_233 /* ContainElementSatisfying.swift in Sources */,
				OBJ_234 /* ElementsEqual.swift in Sources */,
				OBJ_235 /* EndWith.swift in Sources */,
				OBJ_236 /* Equal.swift in Sources */,
				OBJ_237 /* HaveCount.swift in Sources */,
				OBJ_238 /* Match.swift in Sources */,
				OBJ_239 /* MatchError.swift in Sources */,
				OBJ_240 /* MatcherFunc.swift in Sources */,
				OBJ_241 /* MatcherProtocols.swift in Sources */,
				OBJ_242 /* PostNotification.swift in Sources */,
				OBJ_243 /* Predicate.swift in Sources */,
				OBJ_244 /* RaisesException.swift in Sources */,
				OBJ_245 /* SatisfyAllOf.swift in Sources */,
				OBJ_246 /* SatisfyAnyOf.swift in Sources */,
				OBJ_247 /* ThrowAssertion.swift in Sources */,
				OBJ_248 /* ThrowError.swift in Sources */,
				OBJ_249 /* ToSucceed.swift in Sources */,
				OBJ_250 /* Await.swift in Sources */,
				OBJ_251 /* Errors.swift in Sources */,
				OBJ_252 /* Functional.swift in Sources */,
				OBJ_253 /* SourceLocation.swift in Sources */,
				OBJ_254 /* Stringers.swift in Sources */,
			);
		};
		OBJ_260 /* Sources */ = {
			isa = PBXSourcesBuildPhase;
			files = (
				OBJ_261 /* Package.swift in Sources */,
			);
		};
/* End PBXSourcesBuildPhase section */

/* Begin PBXTargetDependency section */
		OBJ_171 /* PBXTargetDependency */ = {
			isa = PBXTargetDependency;
			target = MongoSwift::MongoSwiftTests /* MongoSwiftTests */;
		};
		OBJ_196 /* PBXTargetDependency */ = {
			isa = PBXTargetDependency;
			target = Nimble::Nimble /* Nimble */;
		};
		OBJ_198 /* PBXTargetDependency */ = {
			isa = PBXTargetDependency;
			target = MongoSwift::MongoSwift /* MongoSwift */;
		};
/* End PBXTargetDependency section */

/* Begin XCBuildConfiguration section */
		OBJ_127 /* Debug */ = {
			isa = XCBuildConfiguration;
			buildSettings = {
				ENABLE_TESTABILITY = YES;
				FRAMEWORK_SEARCH_PATHS = (
					"$(inherited)",
					"$(PLATFORM_DIR)/Developer/Library/Frameworks",
				);
				HEADER_SEARCH_PATHS = (
					"$(inherited)",
					"$(SRCROOT)/.build/checkouts/swift-mongoc--1254340038508406368",
					"$(SRCROOT)/.build/checkouts/swift-bson-3633132748599763670",
				);
				INFOPLIST_FILE = MongoSwift.xcodeproj/MongoSwift_Info.plist;
				LD_RUNPATH_SEARCH_PATHS = "$(inherited) $(TOOLCHAIN_DIR)/usr/lib/swift/macosx";
				OTHER_CFLAGS = (
					"$(inherited)",
					"-I/usr/local/Cellar/mongo-c-driver/1.13.0/include/libmongoc-1.0",
					"-I/usr/local/Cellar/mongo-c-driver/1.13.0/include/libbson-1.0",
					"-I/usr/local/Cellar/mongo-c-driver/1.13.0/include/libbson-1.0",
				);
				OTHER_LDFLAGS = (
					"$(inherited)",
					"-L/usr/local/Cellar/mongo-c-driver/1.13.0/lib",
					"-lmongoc-1.0",
					"-L/usr/local/Cellar/mongo-c-driver/1.13.0/lib",
					"-lbson-1.0",
					"-L/usr/local/Cellar/mongo-c-driver/1.13.0/lib",
					"-lbson-1.0",
				);
				OTHER_SWIFT_FLAGS = "$(inherited) -I/usr/local/Cellar/mongo-c-driver/1.13.0/include/libmongoc-1.0 -I/usr/local/Cellar/mongo-c-driver/1.13.0/include/libbson-1.0 -I/usr/local/Cellar/mongo-c-driver/1.13.0/include/libbson-1.0";
				PRODUCT_BUNDLE_IDENTIFIER = MongoSwift;
				PRODUCT_MODULE_NAME = "$(TARGET_NAME:c99extidentifier)";
				PRODUCT_NAME = "$(TARGET_NAME:c99extidentifier)";
				SKIP_INSTALL = YES;
				SWIFT_ACTIVE_COMPILATION_CONDITIONS = "$(inherited)";
				SWIFT_VERSION = 4.2;
				TARGET_NAME = MongoSwift;
			};
			name = Debug;
		};
		OBJ_128 /* Release */ = {
			isa = XCBuildConfiguration;
			buildSettings = {
				ENABLE_TESTABILITY = YES;
				FRAMEWORK_SEARCH_PATHS = (
					"$(inherited)",
					"$(PLATFORM_DIR)/Developer/Library/Frameworks",
				);
				HEADER_SEARCH_PATHS = (
					"$(inherited)",
					"$(SRCROOT)/.build/checkouts/swift-mongoc--1254340038508406368",
					"$(SRCROOT)/.build/checkouts/swift-bson-3633132748599763670",
				);
				INFOPLIST_FILE = MongoSwift.xcodeproj/MongoSwift_Info.plist;
				LD_RUNPATH_SEARCH_PATHS = "$(inherited) $(TOOLCHAIN_DIR)/usr/lib/swift/macosx";
				OTHER_CFLAGS = (
					"$(inherited)",
					"-I/usr/local/Cellar/mongo-c-driver/1.13.0/include/libmongoc-1.0",
					"-I/usr/local/Cellar/mongo-c-driver/1.13.0/include/libbson-1.0",
					"-I/usr/local/Cellar/mongo-c-driver/1.13.0/include/libbson-1.0",
				);
				OTHER_LDFLAGS = (
					"$(inherited)",
					"-L/usr/local/Cellar/mongo-c-driver/1.13.0/lib",
					"-lmongoc-1.0",
					"-L/usr/local/Cellar/mongo-c-driver/1.13.0/lib",
					"-lbson-1.0",
					"-L/usr/local/Cellar/mongo-c-driver/1.13.0/lib",
					"-lbson-1.0",
				);
				OTHER_SWIFT_FLAGS = "$(inherited) -I/usr/local/Cellar/mongo-c-driver/1.13.0/include/libmongoc-1.0 -I/usr/local/Cellar/mongo-c-driver/1.13.0/include/libbson-1.0 -I/usr/local/Cellar/mongo-c-driver/1.13.0/include/libbson-1.0";
				PRODUCT_BUNDLE_IDENTIFIER = MongoSwift;
				PRODUCT_MODULE_NAME = "$(TARGET_NAME:c99extidentifier)";
				PRODUCT_NAME = "$(TARGET_NAME:c99extidentifier)";
				SKIP_INSTALL = YES;
				SWIFT_ACTIVE_COMPILATION_CONDITIONS = "$(inherited)";
				SWIFT_VERSION = 4.2;
				TARGET_NAME = MongoSwift;
			};
			name = Release;
		};
		OBJ_163 /* Debug */ = {
			isa = XCBuildConfiguration;
			buildSettings = {
				LD = /usr/bin/true;
				OTHER_SWIFT_FLAGS = "-swift-version 4.2 -I $(TOOLCHAIN_DIR)/usr/lib/swift/pm/4_2 -target x86_64-apple-macosx10.10 -sdk /Applications/Xcode.app/Contents/Developer/Platforms/MacOSX.platform/Developer/SDKs/MacOSX10.14.sdk";
				SWIFT_VERSION = 4.2;
			};
			name = Debug;
		};
		OBJ_164 /* Release */ = {
			isa = XCBuildConfiguration;
			buildSettings = {
				LD = /usr/bin/true;
				OTHER_SWIFT_FLAGS = "-swift-version 4.2 -I $(TOOLCHAIN_DIR)/usr/lib/swift/pm/4_2 -target x86_64-apple-macosx10.10 -sdk /Applications/Xcode.app/Contents/Developer/Platforms/MacOSX.platform/Developer/SDKs/MacOSX10.14.sdk";
				SWIFT_VERSION = 4.2;
			};
			name = Release;
		};
		OBJ_169 /* Debug */ = {
			isa = XCBuildConfiguration;
			buildSettings = {
			};
			name = Debug;
		};
		OBJ_170 /* Release */ = {
			isa = XCBuildConfiguration;
			buildSettings = {
			};
			name = Release;
		};
		OBJ_174 /* Debug */ = {
			isa = XCBuildConfiguration;
			buildSettings = {
				CLANG_ENABLE_MODULES = YES;
				EMBEDDED_CONTENT_CONTAINS_SWIFT = YES;
				FRAMEWORK_SEARCH_PATHS = (
					"$(inherited)",
					"$(PLATFORM_DIR)/Developer/Library/Frameworks",
				);
				HEADER_SEARCH_PATHS = (
					"$(inherited)",
					"$(SRCROOT)/.build/checkouts/swift-mongoc--1254340038508406368",
					"$(SRCROOT)/.build/checkouts/swift-bson-3633132748599763670",
				);
				INFOPLIST_FILE = MongoSwift.xcodeproj/MongoSwiftTests_Info.plist;
				LD_RUNPATH_SEARCH_PATHS = "$(inherited) @loader_path/../Frameworks @loader_path/Frameworks";
				OTHER_CFLAGS = (
					"$(inherited)",
					"-I/usr/local/Cellar/mongo-c-driver/1.13.0/include/libmongoc-1.0",
					"-I/usr/local/Cellar/mongo-c-driver/1.13.0/include/libbson-1.0",
					"-I/usr/local/Cellar/mongo-c-driver/1.13.0/include/libbson-1.0",
				);
				OTHER_LDFLAGS = (
					"$(inherited)",
					"-L/usr/local/Cellar/mongo-c-driver/1.13.0/lib",
					"-lmongoc-1.0",
					"-L/usr/local/Cellar/mongo-c-driver/1.13.0/lib",
					"-lbson-1.0",
					"-L/usr/local/Cellar/mongo-c-driver/1.13.0/lib",
					"-lbson-1.0",
				);
				OTHER_SWIFT_FLAGS = "$(inherited) -I/usr/local/Cellar/mongo-c-driver/1.13.0/include/libmongoc-1.0 -I/usr/local/Cellar/mongo-c-driver/1.13.0/include/libbson-1.0 -I/usr/local/Cellar/mongo-c-driver/1.13.0/include/libbson-1.0";
				SWIFT_ACTIVE_COMPILATION_CONDITIONS = "$(inherited)";
				SWIFT_VERSION = 4.2;
				TARGET_NAME = MongoSwiftTests;
			};
			name = Debug;
		};
		OBJ_175 /* Release */ = {
			isa = XCBuildConfiguration;
			buildSettings = {
				CLANG_ENABLE_MODULES = YES;
				EMBEDDED_CONTENT_CONTAINS_SWIFT = YES;
				FRAMEWORK_SEARCH_PATHS = (
					"$(inherited)",
					"$(PLATFORM_DIR)/Developer/Library/Frameworks",
				);
				HEADER_SEARCH_PATHS = (
					"$(inherited)",
					"$(SRCROOT)/.build/checkouts/swift-mongoc--1254340038508406368",
					"$(SRCROOT)/.build/checkouts/swift-bson-3633132748599763670",
				);
				INFOPLIST_FILE = MongoSwift.xcodeproj/MongoSwiftTests_Info.plist;
				LD_RUNPATH_SEARCH_PATHS = "$(inherited) @loader_path/../Frameworks @loader_path/Frameworks";
				OTHER_CFLAGS = (
					"$(inherited)",
					"-I/usr/local/Cellar/mongo-c-driver/1.13.0/include/libmongoc-1.0",
					"-I/usr/local/Cellar/mongo-c-driver/1.13.0/include/libbson-1.0",
					"-I/usr/local/Cellar/mongo-c-driver/1.13.0/include/libbson-1.0",
				);
				OTHER_LDFLAGS = (
					"$(inherited)",
					"-L/usr/local/Cellar/mongo-c-driver/1.13.0/lib",
					"-lmongoc-1.0",
					"-L/usr/local/Cellar/mongo-c-driver/1.13.0/lib",
					"-lbson-1.0",
					"-L/usr/local/Cellar/mongo-c-driver/1.13.0/lib",
					"-lbson-1.0",
				);
				OTHER_SWIFT_FLAGS = "$(inherited) -I/usr/local/Cellar/mongo-c-driver/1.13.0/include/libmongoc-1.0 -I/usr/local/Cellar/mongo-c-driver/1.13.0/include/libbson-1.0 -I/usr/local/Cellar/mongo-c-driver/1.13.0/include/libbson-1.0";
				SWIFT_ACTIVE_COMPILATION_CONDITIONS = "$(inherited)";
				SWIFT_VERSION = 4.2;
				TARGET_NAME = MongoSwiftTests;
			};
			name = Release;
		};
		OBJ_200 /* Debug */ = {
			isa = XCBuildConfiguration;
			buildSettings = {
				ENABLE_TESTABILITY = YES;
				FRAMEWORK_SEARCH_PATHS = (
					"$(inherited)",
					"$(PLATFORM_DIR)/Developer/Library/Frameworks",
				);
				HEADER_SEARCH_PATHS = "$(inherited)";
				INFOPLIST_FILE = MongoSwift.xcodeproj/Nimble_Info.plist;
				LD_RUNPATH_SEARCH_PATHS = "$(inherited) $(TOOLCHAIN_DIR)/usr/lib/swift/macosx";
				OTHER_CFLAGS = "$(inherited)";
				OTHER_LDFLAGS = "$(inherited)";
				OTHER_SWIFT_FLAGS = "$(inherited)";
				PRODUCT_BUNDLE_IDENTIFIER = Nimble;
				PRODUCT_MODULE_NAME = "$(TARGET_NAME:c99extidentifier)";
				PRODUCT_NAME = "$(TARGET_NAME:c99extidentifier)";
				SKIP_INSTALL = YES;
				SWIFT_ACTIVE_COMPILATION_CONDITIONS = "$(inherited)";
				SWIFT_VERSION = 4.2;
				TARGET_NAME = Nimble;
			};
			name = Debug;
		};
		OBJ_201 /* Release */ = {
			isa = XCBuildConfiguration;
			buildSettings = {
				ENABLE_TESTABILITY = YES;
				FRAMEWORK_SEARCH_PATHS = (
					"$(inherited)",
					"$(PLATFORM_DIR)/Developer/Library/Frameworks",
				);
				HEADER_SEARCH_PATHS = "$(inherited)";
				INFOPLIST_FILE = MongoSwift.xcodeproj/Nimble_Info.plist;
				LD_RUNPATH_SEARCH_PATHS = "$(inherited) $(TOOLCHAIN_DIR)/usr/lib/swift/macosx";
				OTHER_CFLAGS = "$(inherited)";
				OTHER_LDFLAGS = "$(inherited)";
				OTHER_SWIFT_FLAGS = "$(inherited)";
				PRODUCT_BUNDLE_IDENTIFIER = Nimble;
				PRODUCT_MODULE_NAME = "$(TARGET_NAME:c99extidentifier)";
				PRODUCT_NAME = "$(TARGET_NAME:c99extidentifier)";
				SKIP_INSTALL = YES;
				SWIFT_ACTIVE_COMPILATION_CONDITIONS = "$(inherited)";
				SWIFT_VERSION = 4.2;
				TARGET_NAME = Nimble;
			};
			name = Release;
		};
		OBJ_258 /* Debug */ = {
			isa = XCBuildConfiguration;
			buildSettings = {
				LD = /usr/bin/true;
				OTHER_SWIFT_FLAGS = "-swift-version 4.2 -I $(TOOLCHAIN_DIR)/usr/lib/swift/pm/4_2 -target x86_64-apple-macosx10.10 -sdk /Applications/Xcode.app/Contents/Developer/Platforms/MacOSX.platform/Developer/SDKs/MacOSX10.14.sdk";
				SWIFT_VERSION = 4.2;
			};
			name = Debug;
		};
		OBJ_259 /* Release */ = {
			isa = XCBuildConfiguration;
			buildSettings = {
				LD = /usr/bin/true;
				OTHER_SWIFT_FLAGS = "-swift-version 4.2 -I $(TOOLCHAIN_DIR)/usr/lib/swift/pm/4_2 -target x86_64-apple-macosx10.10 -sdk /Applications/Xcode.app/Contents/Developer/Platforms/MacOSX.platform/Developer/SDKs/MacOSX10.14.sdk";
				SWIFT_VERSION = 4.2;
			};
			name = Release;
		};
		OBJ_264 /* Debug */ = {
			isa = XCBuildConfiguration;
			buildSettings = {
			};
			name = Debug;
		};
		OBJ_265 /* Release */ = {
			isa = XCBuildConfiguration;
			buildSettings = {
			};
			name = Release;
		};
		OBJ_268 /* Debug */ = {
			isa = XCBuildConfiguration;
			buildSettings = {
			};
			name = Debug;
		};
		OBJ_269 /* Release */ = {
			isa = XCBuildConfiguration;
			buildSettings = {
			};
			name = Release;
		};
		OBJ_3 /* Debug */ = {
			isa = XCBuildConfiguration;
			buildSettings = {
				CLANG_ENABLE_OBJC_ARC = YES;
				COMBINE_HIDPI_IMAGES = YES;
				COPY_PHASE_STRIP = NO;
				DEBUG_INFORMATION_FORMAT = dwarf;
				DYLIB_INSTALL_NAME_BASE = "@rpath";
				ENABLE_NS_ASSERTIONS = YES;
				GCC_OPTIMIZATION_LEVEL = 0;
				GCC_PREPROCESSOR_DEFINITIONS = (
					"DEBUG=1",
					"$(inherited)",
				);
				MACOSX_DEPLOYMENT_TARGET = 10.10;
				ONLY_ACTIVE_ARCH = YES;
				OTHER_SWIFT_FLAGS = "-DXcode";
				PRODUCT_NAME = "$(TARGET_NAME)";
				SDKROOT = macosx;
				SUPPORTED_PLATFORMS = "macosx iphoneos iphonesimulator appletvos appletvsimulator watchos watchsimulator";
				SWIFT_ACTIVE_COMPILATION_CONDITIONS = "SWIFT_PACKAGE DEBUG";
				SWIFT_OPTIMIZATION_LEVEL = "-Onone";
				USE_HEADERMAP = NO;
			};
			name = Debug;
		};
		OBJ_4 /* Release */ = {
			isa = XCBuildConfiguration;
			buildSettings = {
				CLANG_ENABLE_OBJC_ARC = YES;
				COMBINE_HIDPI_IMAGES = YES;
				COPY_PHASE_STRIP = YES;
				DEBUG_INFORMATION_FORMAT = "dwarf-with-dsym";
				DYLIB_INSTALL_NAME_BASE = "@rpath";
				GCC_OPTIMIZATION_LEVEL = s;
				MACOSX_DEPLOYMENT_TARGET = 10.10;
				OTHER_SWIFT_FLAGS = "-DXcode";
				PRODUCT_NAME = "$(TARGET_NAME)";
				SDKROOT = macosx;
				SUPPORTED_PLATFORMS = "macosx iphoneos iphonesimulator appletvos appletvsimulator watchos watchsimulator";
				SWIFT_ACTIVE_COMPILATION_CONDITIONS = SWIFT_PACKAGE;
				SWIFT_OPTIMIZATION_LEVEL = "-Owholemodule";
				USE_HEADERMAP = NO;
			};
			name = Release;
		};
/* End XCBuildConfiguration section */

/* Begin XCConfigurationList section */
		OBJ_126 /* Build configuration list for PBXNativeTarget "MongoSwift" */ = {
			isa = XCConfigurationList;
			buildConfigurations = (
				OBJ_127 /* Debug */,
				OBJ_128 /* Release */,
			);
			defaultConfigurationIsVisible = 0;
			defaultConfigurationName = Release;
		};
		OBJ_162 /* Build configuration list for PBXNativeTarget "MongoSwiftPackageDescription" */ = {
			isa = XCConfigurationList;
			buildConfigurations = (
				OBJ_163 /* Debug */,
				OBJ_164 /* Release */,
			);
			defaultConfigurationIsVisible = 0;
			defaultConfigurationName = Release;
		};
		OBJ_168 /* Build configuration list for PBXAggregateTarget "MongoSwiftPackageTests" */ = {
			isa = XCConfigurationList;
			buildConfigurations = (
				OBJ_169 /* Debug */,
				OBJ_170 /* Release */,
			);
			defaultConfigurationIsVisible = 0;
			defaultConfigurationName = Release;
		};
		OBJ_173 /* Build configuration list for PBXNativeTarget "MongoSwiftTests" */ = {
			isa = XCConfigurationList;
			buildConfigurations = (
				OBJ_174 /* Debug */,
				OBJ_175 /* Release */,
			);
			defaultConfigurationIsVisible = 0;
			defaultConfigurationName = Release;
		};
		OBJ_199 /* Build configuration list for PBXNativeTarget "Nimble" */ = {
			isa = XCConfigurationList;
			buildConfigurations = (
				OBJ_200 /* Debug */,
				OBJ_201 /* Release */,
			);
			defaultConfigurationIsVisible = 0;
			defaultConfigurationName = Release;
		};
		OBJ_2 /* Build configuration list for PBXProject "MongoSwift" */ = {
			isa = XCConfigurationList;
			buildConfigurations = (
				OBJ_3 /* Debug */,
				OBJ_4 /* Release */,
			);
			defaultConfigurationIsVisible = 0;
			defaultConfigurationName = Release;
		};
		OBJ_257 /* Build configuration list for PBXNativeTarget "NimblePackageDescription" */ = {
			isa = XCConfigurationList;
			buildConfigurations = (
				OBJ_258 /* Debug */,
				OBJ_259 /* Release */,
			);
			defaultConfigurationIsVisible = 0;
			defaultConfigurationName = Release;
		};
		OBJ_263 /* Build configuration list for PBXAggregateTarget "bson" */ = {
			isa = XCConfigurationList;
			buildConfigurations = (
				OBJ_264 /* Debug */,
				OBJ_265 /* Release */,
			);
			defaultConfigurationIsVisible = 0;
			defaultConfigurationName = Release;
		};
		OBJ_267 /* Build configuration list for PBXAggregateTarget "mongoc" */ = {
			isa = XCConfigurationList;
			buildConfigurations = (
				OBJ_268 /* Debug */,
				OBJ_269 /* Release */,
			);
			defaultConfigurationIsVisible = 0;
			defaultConfigurationName = Release;
		};
/* End XCConfigurationList section */
	};
	rootObject = OBJ_1 /* Project object */;
}
